// !$*UTF8*$!
{
	archiveVersion = 1;
	classes = {
	};
	objectVersion = 56;
	objects = {

/* Begin PBXBuildFile section */
		1601FF0A2B4AA8BA0050457E /* RealityKitContent in Frameworks */ = {isa = PBXBuildFile; productRef = 1601FF092B4AA8BA0050457E /* RealityKitContent */; };
		1601FF0C2B4AA8BA0050457E /* App.swift in Sources */ = {isa = PBXBuildFile; fileRef = 1601FF0B2B4AA8BA0050457E /* App.swift */; };
		1601FF0E2B4AA8BA0050457E /* ContentView.swift in Sources */ = {isa = PBXBuildFile; fileRef = 1601FF0D2B4AA8BA0050457E /* ContentView.swift */; };
		1601FF102B4AA8BC0050457E /* Assets.xcassets in Resources */ = {isa = PBXBuildFile; fileRef = 1601FF0F2B4AA8BC0050457E /* Assets.xcassets */; };
		160DC9F72BBF7977003985D2 /* 🌐AboutApp.xcstrings in Resources */ = {isa = PBXBuildFile; fileRef = 160DC9F32BBF7976003985D2 /* 🌐AboutApp.xcstrings */; };
		160DC9F82BBF7977003985D2 /* 🌐AppStoreDescription.xcstrings in Resources */ = {isa = PBXBuildFile; fileRef = 160DC9F42BBF7977003985D2 /* 🌐AppStoreDescription.xcstrings */; };
		160DC9F92BBF7977003985D2 /* 🌐Timeline.xcstrings in Resources */ = {isa = PBXBuildFile; fileRef = 160DC9F52BBF7977003985D2 /* 🌐Timeline.xcstrings */; };
		160DC9FA2BBF7977003985D2 /* 🌐VersionHistory.xcstrings in Resources */ = {isa = PBXBuildFile; fileRef = 160DC9F62BBF7977003985D2 /* 🌐VersionHistory.xcstrings */; };
		160DC9FC2BBF7987003985D2 /* Localizable.xcstrings in Resources */ = {isa = PBXBuildFile; fileRef = 160DC9FB2BBF7987003985D2 /* Localizable.xcstrings */; };
		160DC9FF2BBF79A7003985D2 /* Developer_Publisher.xcassets in Resources */ = {isa = PBXBuildFile; fileRef = 160DC9FE2BBF79A7003985D2 /* Developer_Publisher.xcassets */; };
		160DCA032BBF79D7003985D2 /* 🗒️StaticInfo.swift in Sources */ = {isa = PBXBuildFile; fileRef = 160DCA012BBF79D6003985D2 /* 🗒️StaticInfo.swift */; };
		160DCA042BBF79D7003985D2 /* ℹ️AboutApp.swift in Sources */ = {isa = PBXBuildFile; fileRef = 160DCA022BBF79D7003985D2 /* ℹ️AboutApp.swift */; };
		160DCA062BBFB4F7003985D2 /* App.swift in CopyFiles */ = {isa = PBXBuildFile; fileRef = 1601FF0B2B4AA8BA0050457E /* App.swift */; };
		160DCA072BBFB4F7003985D2 /* ContentView.swift in CopyFiles */ = {isa = PBXBuildFile; fileRef = 1601FF0D2B4AA8BA0050457E /* ContentView.swift */; };
		160DCA082BBFB4F7003985D2 /* 🥽AppModel.swift in CopyFiles */ = {isa = PBXBuildFile; fileRef = 160ED79B2B4B827E002AD987 /* 🥽AppModel.swift */; };
		160DCA092BBFB4F7003985D2 /* 🥽sharePlay.swift in CopyFiles */ = {isa = PBXBuildFile; fileRef = 16C477182B8B191C00343DD8 /* 🥽sharePlay.swift */; };
		160DCA0A2BBFB4F7003985D2 /* 🥽reversi.swift in CopyFiles */ = {isa = PBXBuildFile; fileRef = 16C4771B2B8B193100343DD8 /* 🥽reversi.swift */; };
		160DCA0B2BBFB4F7003985D2 /* 🥽rest.swift in CopyFiles */ = {isa = PBXBuildFile; fileRef = 16EDF05A2B8C41C10096217A /* 🥽rest.swift */; };
		160DCA0C2BBFB4F7003985D2 /* 🥽debug.swift in CopyFiles */ = {isa = PBXBuildFile; fileRef = 16C4771E2B8B195600343DD8 /* 🥽debug.swift */; };
		160DCA0D2BBFB4F7003985D2 /* 👤GroupActivity.swift in CopyFiles */ = {isa = PBXBuildFile; fileRef = 16CDEE972B4D0B3500664815 /* 👤GroupActivity.swift */; };
		160DCA0E2BBFB4F7003985D2 /* 👤Message.swift in CopyFiles */ = {isa = PBXBuildFile; fileRef = 16C4CE2D2B54AF30002260A6 /* 👤Message.swift */; };
		160DCA0F2BBFB4F7003985D2 /* 👤PlaySound.swift in CopyFiles */ = {isa = PBXBuildFile; fileRef = 16602B2F2B8ED7C400AF1D4A /* 👤PlaySound.swift */; };
		160DCA102BBFB4F7003985D2 /* ActivityState.swift in CopyFiles */ = {isa = PBXBuildFile; fileRef = 16D237B82B90972F00282592 /* ActivityState.swift */; };
		160DCA112BBFB4F7003985D2 /* Pieces.swift in CopyFiles */ = {isa = PBXBuildFile; fileRef = 160ED7A32B4CC153002AD987 /* Pieces.swift */; };
		160DCA122BBFB4F7003985D2 /* Piece.swift in CopyFiles */ = {isa = PBXBuildFile; fileRef = 160ED7A52B4CC15A002AD987 /* Piece.swift */; };
		160DCA132BBFB4F7003985D2 /* Side.swift in CopyFiles */ = {isa = PBXBuildFile; fileRef = 160ED7992B4B8147002AD987 /* Side.swift */; };
		160DCA152BBFB4F7003985D2 /* Mode.swift in CopyFiles */ = {isa = PBXBuildFile; fileRef = 16D237BB2B90975700282592 /* Mode.swift */; };
		160DCA162BBFB4F7003985D2 /* ReversiView.swift in CopyFiles */ = {isa = PBXBuildFile; fileRef = 16EDF0562B8C3E7B0096217A /* ReversiView.swift */; };
		160DCA172BBFB4F7003985D2 /* ToolbarsView.swift in CopyFiles */ = {isa = PBXBuildFile; fileRef = 160ED7A72B4CC20D002AD987 /* ToolbarsView.swift */; };
		160DCA182BBFB4F7003985D2 /* ResultView.swift in CopyFiles */ = {isa = PBXBuildFile; fileRef = 16C158A62B4CEA2B00835A85 /* ResultView.swift */; };
		160DCA192BBFB4F7003985D2 /* BoardView.swift in CopyFiles */ = {isa = PBXBuildFile; fileRef = 160ED7A92B4CCC16002AD987 /* BoardView.swift */; };
		160DCA1A2BBFB4F7003985D2 /* SquareView.swift in CopyFiles */ = {isa = PBXBuildFile; fileRef = 160ED7A12B4CC0F9002AD987 /* SquareView.swift */; };
		160DCA1B2BBFB4F7003985D2 /* PieceView.swift in CopyFiles */ = {isa = PBXBuildFile; fileRef = 16C158AA2B4D05F000835A85 /* PieceView.swift */; };
		160DCA1C2BBFB4F7003985D2 /* GuideView.swift in CopyFiles */ = {isa = PBXBuildFile; fileRef = 167761C22B8B72340092CB24 /* GuideView.swift */; };
		160DCA1D2BBFB4F7003985D2 /* Size.swift in CopyFiles */ = {isa = PBXBuildFile; fileRef = 160ED79F2B4BB705002AD987 /* Size.swift */; };
		160DCA1E2BBFB4F7003985D2 /* SoundFeedback.swift in CopyFiles */ = {isa = PBXBuildFile; fileRef = 16253CFE2B4E37B20028F0E2 /* SoundFeedback.swift */; };
		160DCA1F2BBFB4F7003985D2 /* SoundFile.swift in CopyFiles */ = {isa = PBXBuildFile; fileRef = 16602B322B8ED87F00AF1D4A /* SoundFile.swift */; };
		160DCA202BBFB4F7003985D2 /* 🗒️StaticInfo.swift in CopyFiles */ = {isa = PBXBuildFile; fileRef = 160DCA012BBF79D6003985D2 /* 🗒️StaticInfo.swift */; };
		160DCA212BBFB4F7003985D2 /* ℹ️AboutApp.swift in CopyFiles */ = {isa = PBXBuildFile; fileRef = 160DCA022BBF79D7003985D2 /* ℹ️AboutApp.swift */; };
		160ED79A2B4B8147002AD987 /* Side.swift in Sources */ = {isa = PBXBuildFile; fileRef = 160ED7992B4B8147002AD987 /* Side.swift */; };
		160ED79C2B4B827E002AD987 /* 🥽AppModel.swift in Sources */ = {isa = PBXBuildFile; fileRef = 160ED79B2B4B827E002AD987 /* 🥽AppModel.swift */; };
		160ED7A02B4BB705002AD987 /* Size.swift in Sources */ = {isa = PBXBuildFile; fileRef = 160ED79F2B4BB705002AD987 /* Size.swift */; };
		160ED7A22B4CC0F9002AD987 /* SquareView.swift in Sources */ = {isa = PBXBuildFile; fileRef = 160ED7A12B4CC0F9002AD987 /* SquareView.swift */; };
		160ED7A42B4CC153002AD987 /* Pieces.swift in Sources */ = {isa = PBXBuildFile; fileRef = 160ED7A32B4CC153002AD987 /* Pieces.swift */; };
		160ED7A62B4CC15A002AD987 /* Piece.swift in Sources */ = {isa = PBXBuildFile; fileRef = 160ED7A52B4CC15A002AD987 /* Piece.swift */; };
		160ED7A82B4CC20D002AD987 /* ToolbarsView.swift in Sources */ = {isa = PBXBuildFile; fileRef = 160ED7A72B4CC20D002AD987 /* ToolbarsView.swift */; };
		160ED7AA2B4CCC17002AD987 /* BoardView.swift in Sources */ = {isa = PBXBuildFile; fileRef = 160ED7A92B4CCC16002AD987 /* BoardView.swift */; };
		16253CFF2B4E37B20028F0E2 /* SoundFeedback.swift in Sources */ = {isa = PBXBuildFile; fileRef = 16253CFE2B4E37B20028F0E2 /* SoundFeedback.swift */; };
		16253D002B4E37B20028F0E2 /* SoundFeedback.swift in Sources */ = {isa = PBXBuildFile; fileRef = 16253CFE2B4E37B20028F0E2 /* SoundFeedback.swift */; };
		1627C6C82BC17EEC00645A61 /* InfoPlist.xcstrings in Resources */ = {isa = PBXBuildFile; fileRef = 1627C6C72BC17EEC00645A61 /* InfoPlist.xcstrings */; };
		16602B302B8ED7C400AF1D4A /* 👤PlaySound.swift in Sources */ = {isa = PBXBuildFile; fileRef = 16602B2F2B8ED7C400AF1D4A /* 👤PlaySound.swift */; };
		16602B312B8ED7C400AF1D4A /* 👤PlaySound.swift in Sources */ = {isa = PBXBuildFile; fileRef = 16602B2F2B8ED7C400AF1D4A /* 👤PlaySound.swift */; };
		16602B332B8ED87F00AF1D4A /* SoundFile.swift in Sources */ = {isa = PBXBuildFile; fileRef = 16602B322B8ED87F00AF1D4A /* SoundFile.swift */; };
		16602B342B8ED87F00AF1D4A /* SoundFile.swift in Sources */ = {isa = PBXBuildFile; fileRef = 16602B322B8ED87F00AF1D4A /* SoundFile.swift */; };
		167761C32B8B72340092CB24 /* GuideView.swift in Sources */ = {isa = PBXBuildFile; fileRef = 167761C22B8B72340092CB24 /* GuideView.swift */; };
		1679489B2BC643B7004DFF4B /* 👤Registration.swift in Sources */ = {isa = PBXBuildFile; fileRef = 16CDEE982B4D0B3500664815 /* 👤Registration.swift */; };
		1679489C2BC643B7004DFF4B /* 👤Registration.swift in Sources */ = {isa = PBXBuildFile; fileRef = 16CDEE982B4D0B3500664815 /* 👤Registration.swift */; };
		16C158A72B4CEA2B00835A85 /* ResultView.swift in Sources */ = {isa = PBXBuildFile; fileRef = 16C158A62B4CEA2B00835A85 /* ResultView.swift */; };
		16C158AB2B4D05F000835A85 /* PieceView.swift in Sources */ = {isa = PBXBuildFile; fileRef = 16C158AA2B4D05F000835A85 /* PieceView.swift */; };
		16C477192B8B191C00343DD8 /* 🥽sharePlay.swift in Sources */ = {isa = PBXBuildFile; fileRef = 16C477182B8B191C00343DD8 /* 🥽sharePlay.swift */; };
		16C4771A2B8B191C00343DD8 /* 🥽sharePlay.swift in Sources */ = {isa = PBXBuildFile; fileRef = 16C477182B8B191C00343DD8 /* 🥽sharePlay.swift */; };
		16C4771C2B8B193100343DD8 /* 🥽reversi.swift in Sources */ = {isa = PBXBuildFile; fileRef = 16C4771B2B8B193100343DD8 /* 🥽reversi.swift */; };
		16C4771D2B8B193100343DD8 /* 🥽reversi.swift in Sources */ = {isa = PBXBuildFile; fileRef = 16C4771B2B8B193100343DD8 /* 🥽reversi.swift */; };
		16C4771F2B8B195600343DD8 /* 🥽debug.swift in Sources */ = {isa = PBXBuildFile; fileRef = 16C4771E2B8B195600343DD8 /* 🥽debug.swift */; };
		16C477202B8B195600343DD8 /* 🥽debug.swift in Sources */ = {isa = PBXBuildFile; fileRef = 16C4771E2B8B195600343DD8 /* 🥽debug.swift */; };
		16C4CE2E2B54AF30002260A6 /* 👤Message.swift in Sources */ = {isa = PBXBuildFile; fileRef = 16C4CE2D2B54AF30002260A6 /* 👤Message.swift */; };
		16C4CE2F2B54AF30002260A6 /* 👤Message.swift in Sources */ = {isa = PBXBuildFile; fileRef = 16C4CE2D2B54AF30002260A6 /* 👤Message.swift */; };
		16CDEE992B4D0B3500664815 /* 👤GroupActivity.swift in Sources */ = {isa = PBXBuildFile; fileRef = 16CDEE972B4D0B3500664815 /* 👤GroupActivity.swift */; };
		16CDEEA32B4D0FBF00664815 /* App.swift in Sources */ = {isa = PBXBuildFile; fileRef = 16CDEEA22B4D0FBF00664815 /* App.swift */; };
		16CDEEA52B4D0FBF00664815 /* ContentView.swift in Sources */ = {isa = PBXBuildFile; fileRef = 16CDEEA42B4D0FBF00664815 /* ContentView.swift */; };
		16CDEEA72B4D0FC100664815 /* Assets.xcassets in Resources */ = {isa = PBXBuildFile; fileRef = 16CDEEA62B4D0FC100664815 /* Assets.xcassets */; };
		16CDEEAF2B4D0FF200664815 /* Side.swift in Sources */ = {isa = PBXBuildFile; fileRef = 160ED7992B4B8147002AD987 /* Side.swift */; };
		16CDEEB02B4D0FF200664815 /* Size.swift in Sources */ = {isa = PBXBuildFile; fileRef = 160ED79F2B4BB705002AD987 /* Size.swift */; };
		16CDEEB12B4D0FF200664815 /* Piece.swift in Sources */ = {isa = PBXBuildFile; fileRef = 160ED7A52B4CC15A002AD987 /* Piece.swift */; };
		16CDEEB22B4D0FF200664815 /* 👤GroupActivity.swift in Sources */ = {isa = PBXBuildFile; fileRef = 16CDEE972B4D0B3500664815 /* 👤GroupActivity.swift */; };
		16CDEEB32B4D0FF200664815 /* Pieces.swift in Sources */ = {isa = PBXBuildFile; fileRef = 160ED7A32B4CC153002AD987 /* Pieces.swift */; };
		16CDEEB42B4D0FF200664815 /* 🥽AppModel.swift in Sources */ = {isa = PBXBuildFile; fileRef = 160ED79B2B4B827E002AD987 /* 🥽AppModel.swift */; };
		16D237B92B90973000282592 /* ActivityState.swift in Sources */ = {isa = PBXBuildFile; fileRef = 16D237B82B90972F00282592 /* ActivityState.swift */; };
		16D237BA2B90973000282592 /* ActivityState.swift in Sources */ = {isa = PBXBuildFile; fileRef = 16D237B82B90972F00282592 /* ActivityState.swift */; };
		16D237BC2B90975900282592 /* Mode.swift in Sources */ = {isa = PBXBuildFile; fileRef = 16D237BB2B90975700282592 /* Mode.swift */; };
		16D237BD2B90975900282592 /* Mode.swift in Sources */ = {isa = PBXBuildFile; fileRef = 16D237BB2B90975700282592 /* Mode.swift */; };
		16E8495C2BCB79D2009E8F98 /* 👤Registration.swift in CopyFiles */ = {isa = PBXBuildFile; fileRef = 16CDEE982B4D0B3500664815 /* 👤Registration.swift */; };
		16EDF0572B8C3E7B0096217A /* ReversiView.swift in Sources */ = {isa = PBXBuildFile; fileRef = 16EDF0562B8C3E7B0096217A /* ReversiView.swift */; };
		16EDF05B2B8C41C10096217A /* 🥽rest.swift in Sources */ = {isa = PBXBuildFile; fileRef = 16EDF05A2B8C41C10096217A /* 🥽rest.swift */; };
		16EDF05C2B8C4AFF0096217A /* 🥽rest.swift in Sources */ = {isa = PBXBuildFile; fileRef = 16EDF05A2B8C41C10096217A /* 🥽rest.swift */; };
/* End PBXBuildFile section */

/* Begin PBXCopyFilesBuildPhase section */
		160DCA052BBFB4C1003985D2 /* CopyFiles */ = {
			isa = PBXCopyFilesBuildPhase;
			buildActionMask = 2147483647;
			dstPath = "📁SourceCode";
			dstSubfolderSpec = 7;
			files = (
				16E8495C2BCB79D2009E8F98 /* 👤Registration.swift in CopyFiles */,
				160DCA062BBFB4F7003985D2 /* App.swift in CopyFiles */,
				160DCA072BBFB4F7003985D2 /* ContentView.swift in CopyFiles */,
				160DCA082BBFB4F7003985D2 /* 🥽AppModel.swift in CopyFiles */,
				160DCA092BBFB4F7003985D2 /* 🥽sharePlay.swift in CopyFiles */,
				160DCA0A2BBFB4F7003985D2 /* 🥽reversi.swift in CopyFiles */,
				160DCA0B2BBFB4F7003985D2 /* 🥽rest.swift in CopyFiles */,
				160DCA0C2BBFB4F7003985D2 /* 🥽debug.swift in CopyFiles */,
				160DCA0D2BBFB4F7003985D2 /* 👤GroupActivity.swift in CopyFiles */,
				160DCA0E2BBFB4F7003985D2 /* 👤Message.swift in CopyFiles */,
				160DCA0F2BBFB4F7003985D2 /* 👤PlaySound.swift in CopyFiles */,
				160DCA102BBFB4F7003985D2 /* ActivityState.swift in CopyFiles */,
				160DCA112BBFB4F7003985D2 /* Pieces.swift in CopyFiles */,
				160DCA122BBFB4F7003985D2 /* Piece.swift in CopyFiles */,
				160DCA132BBFB4F7003985D2 /* Side.swift in CopyFiles */,
				160DCA152BBFB4F7003985D2 /* Mode.swift in CopyFiles */,
				160DCA162BBFB4F7003985D2 /* ReversiView.swift in CopyFiles */,
				160DCA172BBFB4F7003985D2 /* ToolbarsView.swift in CopyFiles */,
				160DCA182BBFB4F7003985D2 /* ResultView.swift in CopyFiles */,
				160DCA192BBFB4F7003985D2 /* BoardView.swift in CopyFiles */,
				160DCA1A2BBFB4F7003985D2 /* SquareView.swift in CopyFiles */,
				160DCA1B2BBFB4F7003985D2 /* PieceView.swift in CopyFiles */,
				160DCA1C2BBFB4F7003985D2 /* GuideView.swift in CopyFiles */,
				160DCA1D2BBFB4F7003985D2 /* Size.swift in CopyFiles */,
				160DCA1E2BBFB4F7003985D2 /* SoundFeedback.swift in CopyFiles */,
				160DCA1F2BBFB4F7003985D2 /* SoundFile.swift in CopyFiles */,
				160DCA202BBFB4F7003985D2 /* 🗒️StaticInfo.swift in CopyFiles */,
				160DCA212BBFB4F7003985D2 /* ℹ️AboutApp.swift in CopyFiles */,
			);
			runOnlyForDeploymentPostprocessing = 0;
		};
/* End PBXCopyFilesBuildPhase section */

/* Begin PBXFileReference section */
		1601FF042B4AA8BA0050457E /* PersonaReversi.app */ = {isa = PBXFileReference; explicitFileType = wrapper.application; includeInIndex = 0; path = PersonaReversi.app; sourceTree = BUILT_PRODUCTS_DIR; };
		1601FF082B4AA8BA0050457E /* RealityKitContent */ = {isa = PBXFileReference; lastKnownFileType = wrapper; path = RealityKitContent; sourceTree = "<group>"; };
		1601FF0B2B4AA8BA0050457E /* App.swift */ = {isa = PBXFileReference; lastKnownFileType = sourcecode.swift; path = App.swift; sourceTree = "<group>"; };
		1601FF0D2B4AA8BA0050457E /* ContentView.swift */ = {isa = PBXFileReference; lastKnownFileType = sourcecode.swift; path = ContentView.swift; sourceTree = "<group>"; };
		1601FF0F2B4AA8BC0050457E /* Assets.xcassets */ = {isa = PBXFileReference; lastKnownFileType = folder.assetcatalog; path = Assets.xcassets; sourceTree = "<group>"; };
		1601FF142B4AA8BC0050457E /* Info.plist */ = {isa = PBXFileReference; lastKnownFileType = text.plist.xml; path = Info.plist; sourceTree = "<group>"; };
		160DC9F32BBF7976003985D2 /* 🌐AboutApp.xcstrings */ = {isa = PBXFileReference; fileEncoding = 4; lastKnownFileType = text.json.xcstrings; path = "🌐AboutApp.xcstrings"; sourceTree = "<group>"; };
		160DC9F42BBF7977003985D2 /* 🌐AppStoreDescription.xcstrings */ = {isa = PBXFileReference; fileEncoding = 4; lastKnownFileType = text.json.xcstrings; path = "🌐AppStoreDescription.xcstrings"; sourceTree = "<group>"; };
		160DC9F52BBF7977003985D2 /* 🌐Timeline.xcstrings */ = {isa = PBXFileReference; fileEncoding = 4; lastKnownFileType = text.json.xcstrings; path = "🌐Timeline.xcstrings"; sourceTree = "<group>"; };
		160DC9F62BBF7977003985D2 /* 🌐VersionHistory.xcstrings */ = {isa = PBXFileReference; fileEncoding = 4; lastKnownFileType = text.json.xcstrings; path = "🌐VersionHistory.xcstrings"; sourceTree = "<group>"; };
		160DC9FB2BBF7987003985D2 /* Localizable.xcstrings */ = {isa = PBXFileReference; lastKnownFileType = text.json.xcstrings; path = Localizable.xcstrings; sourceTree = "<group>"; };
		160DC9FE2BBF79A7003985D2 /* Developer_Publisher.xcassets */ = {isa = PBXFileReference; lastKnownFileType = folder.assetcatalog; path = Developer_Publisher.xcassets; sourceTree = "<group>"; };
		160DCA012BBF79D6003985D2 /* 🗒️StaticInfo.swift */ = {isa = PBXFileReference; fileEncoding = 4; lastKnownFileType = sourcecode.swift; path = "🗒️StaticInfo.swift"; sourceTree = "<group>"; };
		160DCA022BBF79D7003985D2 /* ℹ️AboutApp.swift */ = {isa = PBXFileReference; fileEncoding = 4; lastKnownFileType = sourcecode.swift; path = "ℹ️AboutApp.swift"; sourceTree = "<group>"; };
		160ED7992B4B8147002AD987 /* Side.swift */ = {isa = PBXFileReference; lastKnownFileType = sourcecode.swift; path = Side.swift; sourceTree = "<group>"; };
		160ED79B2B4B827E002AD987 /* 🥽AppModel.swift */ = {isa = PBXFileReference; lastKnownFileType = sourcecode.swift; path = "🥽AppModel.swift"; sourceTree = "<group>"; };
		160ED79D2B4B8E1A002AD987 /* SettingView.swift */ = {isa = PBXFileReference; lastKnownFileType = sourcecode.swift; path = SettingView.swift; sourceTree = "<group>"; };
		160ED79F2B4BB705002AD987 /* Size.swift */ = {isa = PBXFileReference; lastKnownFileType = sourcecode.swift; path = Size.swift; sourceTree = "<group>"; };
		160ED7A12B4CC0F9002AD987 /* SquareView.swift */ = {isa = PBXFileReference; lastKnownFileType = sourcecode.swift; path = SquareView.swift; sourceTree = "<group>"; };
		160ED7A32B4CC153002AD987 /* Pieces.swift */ = {isa = PBXFileReference; lastKnownFileType = sourcecode.swift; path = Pieces.swift; sourceTree = "<group>"; };
		160ED7A52B4CC15A002AD987 /* Piece.swift */ = {isa = PBXFileReference; lastKnownFileType = sourcecode.swift; path = Piece.swift; sourceTree = "<group>"; };
		160ED7A72B4CC20D002AD987 /* ToolbarsView.swift */ = {isa = PBXFileReference; lastKnownFileType = sourcecode.swift; path = ToolbarsView.swift; sourceTree = "<group>"; };
		160ED7A92B4CCC16002AD987 /* BoardView.swift */ = {isa = PBXFileReference; lastKnownFileType = sourcecode.swift; path = BoardView.swift; sourceTree = "<group>"; };
		16253CFE2B4E37B20028F0E2 /* SoundFeedback.swift */ = {isa = PBXFileReference; fileEncoding = 4; lastKnownFileType = sourcecode.swift; path = SoundFeedback.swift; sourceTree = "<group>"; };
		1627C6C72BC17EEC00645A61 /* InfoPlist.xcstrings */ = {isa = PBXFileReference; lastKnownFileType = text.json.xcstrings; path = InfoPlist.xcstrings; sourceTree = "<group>"; };
		1627C6C92BC17F8600645A61 /* screenshot1280w.jpg */ = {isa = PBXFileReference; lastKnownFileType = image.jpeg; path = screenshot1280w.jpg; sourceTree = "<group>"; };
		1638F8072B4F90CC00E0CAD2 /* Archive.swift */ = {isa = PBXFileReference; lastKnownFileType = sourcecode.swift; path = Archive.swift; sourceTree = "<group>"; };
		16602B2F2B8ED7C400AF1D4A /* 👤PlaySound.swift */ = {isa = PBXFileReference; lastKnownFileType = sourcecode.swift; path = "👤PlaySound.swift"; sourceTree = "<group>"; };
		16602B322B8ED87F00AF1D4A /* SoundFile.swift */ = {isa = PBXFileReference; lastKnownFileType = sourcecode.swift; path = SoundFile.swift; sourceTree = "<group>"; };
		167761C22B8B72340092CB24 /* GuideView.swift */ = {isa = PBXFileReference; lastKnownFileType = sourcecode.swift; path = GuideView.swift; sourceTree = "<group>"; };
		16C158A62B4CEA2B00835A85 /* ResultView.swift */ = {isa = PBXFileReference; lastKnownFileType = sourcecode.swift; path = ResultView.swift; sourceTree = "<group>"; };
		16C158AA2B4D05F000835A85 /* PieceView.swift */ = {isa = PBXFileReference; lastKnownFileType = sourcecode.swift; path = PieceView.swift; sourceTree = "<group>"; };
		16C477182B8B191C00343DD8 /* 🥽sharePlay.swift */ = {isa = PBXFileReference; lastKnownFileType = sourcecode.swift; path = "🥽sharePlay.swift"; sourceTree = "<group>"; };
		16C4771B2B8B193100343DD8 /* 🥽reversi.swift */ = {isa = PBXFileReference; lastKnownFileType = sourcecode.swift; path = "🥽reversi.swift"; sourceTree = "<group>"; };
		16C4771E2B8B195600343DD8 /* 🥽debug.swift */ = {isa = PBXFileReference; lastKnownFileType = sourcecode.swift; path = "🥽debug.swift"; sourceTree = "<group>"; };
		16C4CE2D2B54AF30002260A6 /* 👤Message.swift */ = {isa = PBXFileReference; lastKnownFileType = sourcecode.swift; path = "👤Message.swift"; sourceTree = "<group>"; };
		16CDEE972B4D0B3500664815 /* 👤GroupActivity.swift */ = {isa = PBXFileReference; fileEncoding = 4; lastKnownFileType = sourcecode.swift; path = "👤GroupActivity.swift"; sourceTree = "<group>"; };
		16CDEE982B4D0B3500664815 /* 👤Registration.swift */ = {isa = PBXFileReference; fileEncoding = 4; lastKnownFileType = sourcecode.swift; path = "👤Registration.swift"; sourceTree = "<group>"; };
		16CDEE9B2B4D0C6E00664815 /* PersonaReversi.entitlements */ = {isa = PBXFileReference; lastKnownFileType = text.plist.entitlements; path = PersonaReversi.entitlements; sourceTree = "<group>"; };
		16CDEEA02B4D0FBF00664815 /* iOS for debug.app */ = {isa = PBXFileReference; explicitFileType = wrapper.application; includeInIndex = 0; path = "iOS for debug.app"; sourceTree = BUILT_PRODUCTS_DIR; };
		16CDEEA22B4D0FBF00664815 /* App.swift */ = {isa = PBXFileReference; lastKnownFileType = sourcecode.swift; path = App.swift; sourceTree = "<group>"; };
		16CDEEA42B4D0FBF00664815 /* ContentView.swift */ = {isa = PBXFileReference; lastKnownFileType = sourcecode.swift; path = ContentView.swift; sourceTree = "<group>"; };
		16CDEEA62B4D0FC100664815 /* Assets.xcassets */ = {isa = PBXFileReference; lastKnownFileType = folder.assetcatalog; path = Assets.xcassets; sourceTree = "<group>"; };
		16CDEEB52B4D100600664815 /* iOS for debug.entitlements */ = {isa = PBXFileReference; lastKnownFileType = text.plist.entitlements; path = "iOS for debug.entitlements"; sourceTree = "<group>"; };
		16D237B82B90972F00282592 /* ActivityState.swift */ = {isa = PBXFileReference; fileEncoding = 4; lastKnownFileType = sourcecode.swift; path = ActivityState.swift; sourceTree = "<group>"; };
		16D237BB2B90975700282592 /* Mode.swift */ = {isa = PBXFileReference; fileEncoding = 4; lastKnownFileType = sourcecode.swift; path = Mode.swift; sourceTree = "<group>"; };
		16EDF0562B8C3E7B0096217A /* ReversiView.swift */ = {isa = PBXFileReference; lastKnownFileType = sourcecode.swift; path = ReversiView.swift; sourceTree = "<group>"; };
		16EDF05A2B8C41C10096217A /* 🥽rest.swift */ = {isa = PBXFileReference; lastKnownFileType = sourcecode.swift; path = "🥽rest.swift"; sourceTree = "<group>"; };
		16EF41352B5BF445002312FA /* README.md */ = {isa = PBXFileReference; lastKnownFileType = net.daringfireball.markdown; path = README.md; sourceTree = "<group>"; };
		16EF41382B5BF620002312FA /* appstore_badge.svg */ = {isa = PBXFileReference; lastKnownFileType = text; path = appstore_badge.svg; sourceTree = "<group>"; };
		16EF41392B5BFA26002312FA /* icon.png */ = {isa = PBXFileReference; lastKnownFileType = image.png; path = icon.png; sourceTree = "<group>"; };
/* End PBXFileReference section */

/* Begin PBXFrameworksBuildPhase section */
		1601FF012B4AA8BA0050457E /* Frameworks */ = {
			isa = PBXFrameworksBuildPhase;
			buildActionMask = 2147483647;
			files = (
				1601FF0A2B4AA8BA0050457E /* RealityKitContent in Frameworks */,
			);
			runOnlyForDeploymentPostprocessing = 0;
		};
		16CDEE9D2B4D0FBF00664815 /* Frameworks */ = {
			isa = PBXFrameworksBuildPhase;
			buildActionMask = 2147483647;
			files = (
			);
			runOnlyForDeploymentPostprocessing = 0;
		};
/* End PBXFrameworksBuildPhase section */

/* Begin PBXGroup section */
		1601FEFB2B4AA8BA0050457E = {
			isa = PBXGroup;
			children = (
				16EF41352B5BF445002312FA /* README.md */,
				1601FF062B4AA8BA0050457E /* PersonaReversi */,
				1601FF072B4AA8BA0050457E /* Packages */,
				16CDEEA12B4D0FBF00664815 /* iOS for debug */,
				1601FF052B4AA8BA0050457E /* Products */,
			);
			sourceTree = "<group>";
		};
		1601FF052B4AA8BA0050457E /* Products */ = {
			isa = PBXGroup;
			children = (
				1601FF042B4AA8BA0050457E /* PersonaReversi.app */,
				16CDEEA02B4D0FBF00664815 /* iOS for debug.app */,
			);
			name = Products;
			sourceTree = "<group>";
		};
		1601FF062B4AA8BA0050457E /* PersonaReversi */ = {
			isa = PBXGroup;
			children = (
				1601FF0B2B4AA8BA0050457E /* App.swift */,
				1601FF0D2B4AA8BA0050457E /* ContentView.swift */,
				16C477172B8B190400343DD8 /* 🥽AppModel */,
				16C477162B8B067F00343DD8 /* 👤SharePlay */,
				16C158A82B4D057B00835A85 /* SubModel */,
				16C158A92B4D058300835A85 /* ReversiView */,
				16C477212B8B22EE00343DD8 /* Rest */,
				16EF41362B5BF4E6002312FA /* Supporting files */,
			);
			path = PersonaReversi;
			sourceTree = "<group>";
		};
		1601FF072B4AA8BA0050457E /* Packages */ = {
			isa = PBXGroup;
			children = (
				1601FF082B4AA8BA0050457E /* RealityKitContent */,
			);
			path = Packages;
			sourceTree = "<group>";
		};
		160DC9F22BBF796A003985D2 /* 🌐Localization */ = {
			isa = PBXGroup;
			children = (
				160DC9FB2BBF7987003985D2 /* Localizable.xcstrings */,
				1627C6C72BC17EEC00645A61 /* InfoPlist.xcstrings */,
				160DC9F42BBF7977003985D2 /* 🌐AppStoreDescription.xcstrings */,
				160DC9F62BBF7977003985D2 /* 🌐VersionHistory.xcstrings */,
				160DC9F32BBF7976003985D2 /* 🌐AboutApp.xcstrings */,
				160DC9F52BBF7977003985D2 /* 🌐Timeline.xcstrings */,
			);
			path = "🌐Localization";
			sourceTree = "<group>";
		};
		160DC9FD2BBF799F003985D2 /* Assets */ = {
			isa = PBXGroup;
			children = (
				1601FF0F2B4AA8BC0050457E /* Assets.xcassets */,
				160DC9FE2BBF79A7003985D2 /* Developer_Publisher.xcassets */,
			);
			path = Assets;
			sourceTree = "<group>";
		};
		160DCA002BBF79CD003985D2 /* Rest */ = {
			isa = PBXGroup;
			children = (
				160DCA012BBF79D6003985D2 /* 🗒️StaticInfo.swift */,
				160DCA022BBF79D7003985D2 /* ℹ️AboutApp.swift */,
			);
			path = Rest;
			sourceTree = "<group>";
		};
		1638F8062B4F904200E0CAD2 /* Archive */ = {
			isa = PBXGroup;
			children = (
				1638F8072B4F90CC00E0CAD2 /* Archive.swift */,
				160ED79D2B4B8E1A002AD987 /* SettingView.swift */,
			);
			path = Archive;
			sourceTree = "<group>";
		};
		16602B352B8EDA6600AF1D4A /* Sound */ = {
			isa = PBXGroup;
			children = (
				16253CFE2B4E37B20028F0E2 /* SoundFeedback.swift */,
				16602B322B8ED87F00AF1D4A /* SoundFile.swift */,
			);
			path = Sound;
			sourceTree = "<group>";
		};
		16C158A82B4D057B00835A85 /* SubModel */ = {
			isa = PBXGroup;
			children = (
				16D237B82B90972F00282592 /* ActivityState.swift */,
				160ED7A32B4CC153002AD987 /* Pieces.swift */,
				160ED7A52B4CC15A002AD987 /* Piece.swift */,
				160ED7992B4B8147002AD987 /* Side.swift */,
				16D237BB2B90975700282592 /* Mode.swift */,
			);
			path = SubModel;
			sourceTree = "<group>";
		};
		16C158A92B4D058300835A85 /* ReversiView */ = {
			isa = PBXGroup;
			children = (
				16EDF0562B8C3E7B0096217A /* ReversiView.swift */,
				160ED7A72B4CC20D002AD987 /* ToolbarsView.swift */,
				16C158A62B4CEA2B00835A85 /* ResultView.swift */,
				16EDF0592B8C40810096217A /* BoardView */,
			);
			path = ReversiView;
			sourceTree = "<group>";
		};
		16C477162B8B067F00343DD8 /* 👤SharePlay */ = {
			isa = PBXGroup;
			children = (
				16CDEE972B4D0B3500664815 /* 👤GroupActivity.swift */,
				16C4CE2D2B54AF30002260A6 /* 👤Message.swift */,
				16602B2F2B8ED7C400AF1D4A /* 👤PlaySound.swift */,
				16CDEE982B4D0B3500664815 /* 👤Registration.swift */,
			);
			path = "👤SharePlay";
			sourceTree = "<group>";
		};
		16C477172B8B190400343DD8 /* 🥽AppModel */ = {
			isa = PBXGroup;
			children = (
				160ED79B2B4B827E002AD987 /* 🥽AppModel.swift */,
				16C477182B8B191C00343DD8 /* 🥽sharePlay.swift */,
				16C4771B2B8B193100343DD8 /* 🥽reversi.swift */,
				16EDF05A2B8C41C10096217A /* 🥽rest.swift */,
				16C4771E2B8B195600343DD8 /* 🥽debug.swift */,
			);
			path = "🥽AppModel";
			sourceTree = "<group>";
		};
		16C477212B8B22EE00343DD8 /* Rest */ = {
			isa = PBXGroup;
			children = (
				167761C22B8B72340092CB24 /* GuideView.swift */,
				160ED79F2B4BB705002AD987 /* Size.swift */,
				16602B352B8EDA6600AF1D4A /* Sound */,
				160DCA002BBF79CD003985D2 /* Rest */,
			);
			path = Rest;
			sourceTree = "<group>";
		};
		16CDEEA12B4D0FBF00664815 /* iOS for debug */ = {
			isa = PBXGroup;
			children = (
				16CDEEA22B4D0FBF00664815 /* App.swift */,
				16CDEEA42B4D0FBF00664815 /* ContentView.swift */,
				16CDEEA62B4D0FC100664815 /* Assets.xcassets */,
				16CDEEB52B4D100600664815 /* iOS for debug.entitlements */,
			);
			path = "iOS for debug";
			sourceTree = "<group>";
		};
		16EDF0592B8C40810096217A /* BoardView */ = {
			isa = PBXGroup;
			children = (
				160ED7A92B4CCC16002AD987 /* BoardView.swift */,
				160ED7A12B4CC0F9002AD987 /* SquareView.swift */,
				16C158AA2B4D05F000835A85 /* PieceView.swift */,
			);
			path = BoardView;
			sourceTree = "<group>";
		};
		16EF41362B5BF4E6002312FA /* Supporting files */ = {
			isa = PBXGroup;
			children = (
				1601FF142B4AA8BC0050457E /* Info.plist */,
				16CDEE9B2B4D0C6E00664815 /* PersonaReversi.entitlements */,
				160DC9FD2BBF799F003985D2 /* Assets */,
				160DC9F22BBF796A003985D2 /* 🌐Localization */,
				16EF41372B5BF5BF002312FA /* README assets */,
				1638F8062B4F904200E0CAD2 /* Archive */,
			);
			path = "Supporting files";
			sourceTree = "<group>";
		};
		16EF41372B5BF5BF002312FA /* README assets */ = {
			isa = PBXGroup;
			children = (
				16EF41392B5BFA26002312FA /* icon.png */,
				16EF41382B5BF620002312FA /* appstore_badge.svg */,
				1627C6C92BC17F8600645A61 /* screenshot1280w.jpg */,
			);
			path = "README assets";
			sourceTree = "<group>";
		};
/* End PBXGroup section */

/* Begin PBXNativeTarget section */
		1601FF032B4AA8BA0050457E /* PersonaReversi */ = {
			isa = PBXNativeTarget;
			buildConfigurationList = 1601FF172B4AA8BC0050457E /* Build configuration list for PBXNativeTarget "PersonaReversi" */;
			buildPhases = (
				1601FF002B4AA8BA0050457E /* Sources */,
				1601FF012B4AA8BA0050457E /* Frameworks */,
				1601FF022B4AA8BA0050457E /* Resources */,
				160DCA052BBFB4C1003985D2 /* CopyFiles */,
			);
			buildRules = (
			);
			dependencies = (
			);
			name = PersonaReversi;
			packageProductDependencies = (
				1601FF092B4AA8BA0050457E /* RealityKitContent */,
			);
			productName = SpacialReversi;
			productReference = 1601FF042B4AA8BA0050457E /* PersonaReversi.app */;
			productType = "com.apple.product-type.application";
		};
		16CDEE9F2B4D0FBF00664815 /* iOS for debug */ = {
			isa = PBXNativeTarget;
			buildConfigurationList = 16CDEEAB2B4D0FC100664815 /* Build configuration list for PBXNativeTarget "iOS for debug" */;
			buildPhases = (
				16CDEE9C2B4D0FBF00664815 /* Sources */,
				16CDEE9D2B4D0FBF00664815 /* Frameworks */,
				16CDEE9E2B4D0FBF00664815 /* Resources */,
			);
			buildRules = (
			);
			dependencies = (
			);
			name = "iOS for debug";
			productName = SR_iOS_debug;
			productReference = 16CDEEA02B4D0FBF00664815 /* iOS for debug.app */;
			productType = "com.apple.product-type.application";
		};
/* End PBXNativeTarget section */

/* Begin PBXProject section */
		1601FEFC2B4AA8BA0050457E /* Project object */ = {
			isa = PBXProject;
			attributes = {
				BuildIndependentTargetsInParallel = 1;
				LastSwiftUpdateCheck = 1520;
				LastUpgradeCheck = 1530;
				TargetAttributes = {
					1601FF032B4AA8BA0050457E = {
						CreatedOnToolsVersion = 15.2;
					};
					16CDEE9F2B4D0FBF00664815 = {
						CreatedOnToolsVersion = 15.2;
					};
				};
			};
			buildConfigurationList = 1601FEFF2B4AA8BA0050457E /* Build configuration list for PBXProject "PersonaReversi" */;
			compatibilityVersion = "Xcode 14.0";
			developmentRegion = en;
			hasScannedForEncodings = 0;
			knownRegions = (
				en,
				Base,
				ja,
			);
			mainGroup = 1601FEFB2B4AA8BA0050457E;
			productRefGroup = 1601FF052B4AA8BA0050457E /* Products */;
			projectDirPath = "";
			projectRoot = "";
			targets = (
				1601FF032B4AA8BA0050457E /* PersonaReversi */,
				16CDEE9F2B4D0FBF00664815 /* iOS for debug */,
			);
		};
/* End PBXProject section */

/* Begin PBXResourcesBuildPhase section */
		1601FF022B4AA8BA0050457E /* Resources */ = {
			isa = PBXResourcesBuildPhase;
			buildActionMask = 2147483647;
			files = (
				160DC9FA2BBF7977003985D2 /* 🌐VersionHistory.xcstrings in Resources */,
				1601FF102B4AA8BC0050457E /* Assets.xcassets in Resources */,
				160DC9FC2BBF7987003985D2 /* Localizable.xcstrings in Resources */,
				160DC9FF2BBF79A7003985D2 /* Developer_Publisher.xcassets in Resources */,
				160DC9F72BBF7977003985D2 /* 🌐AboutApp.xcstrings in Resources */,
				160DC9F92BBF7977003985D2 /* 🌐Timeline.xcstrings in Resources */,
				1627C6C82BC17EEC00645A61 /* InfoPlist.xcstrings in Resources */,
				160DC9F82BBF7977003985D2 /* 🌐AppStoreDescription.xcstrings in Resources */,
			);
			runOnlyForDeploymentPostprocessing = 0;
		};
		16CDEE9E2B4D0FBF00664815 /* Resources */ = {
			isa = PBXResourcesBuildPhase;
			buildActionMask = 2147483647;
			files = (
				16CDEEA72B4D0FC100664815 /* Assets.xcassets in Resources */,
			);
			runOnlyForDeploymentPostprocessing = 0;
		};
/* End PBXResourcesBuildPhase section */

/* Begin PBXSourcesBuildPhase section */
		1601FF002B4AA8BA0050457E /* Sources */ = {
			isa = PBXSourcesBuildPhase;
			buildActionMask = 2147483647;
			files = (
				16D237B92B90973000282592 /* ActivityState.swift in Sources */,
				160ED7AA2B4CCC17002AD987 /* BoardView.swift in Sources */,
				16C477192B8B191C00343DD8 /* 🥽sharePlay.swift in Sources */,
				16CDEE992B4D0B3500664815 /* 👤GroupActivity.swift in Sources */,
				160ED7A42B4CC153002AD987 /* Pieces.swift in Sources */,
				16253CFF2B4E37B20028F0E2 /* SoundFeedback.swift in Sources */,
				160ED7A02B4BB705002AD987 /* Size.swift in Sources */,
				1679489B2BC643B7004DFF4B /* 👤Registration.swift in Sources */,
				160DCA042BBF79D7003985D2 /* ℹ️AboutApp.swift in Sources */,
				1601FF0E2B4AA8BA0050457E /* ContentView.swift in Sources */,
				16D237BC2B90975900282592 /* Mode.swift in Sources */,
				16C4771C2B8B193100343DD8 /* 🥽reversi.swift in Sources */,
				16C158A72B4CEA2B00835A85 /* ResultView.swift in Sources */,
				167761C32B8B72340092CB24 /* GuideView.swift in Sources */,
				160DCA032BBF79D7003985D2 /* 🗒️StaticInfo.swift in Sources */,
				1601FF0C2B4AA8BA0050457E /* App.swift in Sources */,
				16C4CE2E2B54AF30002260A6 /* 👤Message.swift in Sources */,
				16602B302B8ED7C400AF1D4A /* 👤PlaySound.swift in Sources */,
				16C4771F2B8B195600343DD8 /* 🥽debug.swift in Sources */,
				16EDF05B2B8C41C10096217A /* 🥽rest.swift in Sources */,
				16EDF0572B8C3E7B0096217A /* ReversiView.swift in Sources */,
				160ED7A62B4CC15A002AD987 /* Piece.swift in Sources */,
				160ED7A82B4CC20D002AD987 /* ToolbarsView.swift in Sources */,
				160ED7A22B4CC0F9002AD987 /* SquareView.swift in Sources */,
				160ED79A2B4B8147002AD987 /* Side.swift in Sources */,
				16C158AB2B4D05F000835A85 /* PieceView.swift in Sources */,
				16602B332B8ED87F00AF1D4A /* SoundFile.swift in Sources */,
				160ED79C2B4B827E002AD987 /* 🥽AppModel.swift in Sources */,
			);
			runOnlyForDeploymentPostprocessing = 0;
		};
		16CDEE9C2B4D0FBF00664815 /* Sources */ = {
			isa = PBXSourcesBuildPhase;
			buildActionMask = 2147483647;
			files = (
				16EDF05C2B8C4AFF0096217A /* 🥽rest.swift in Sources */,
				16602B342B8ED87F00AF1D4A /* SoundFile.swift in Sources */,
				16CDEEB32B4D0FF200664815 /* Pieces.swift in Sources */,
				16C4771A2B8B191C00343DD8 /* 🥽sharePlay.swift in Sources */,
				16D237BA2B90973000282592 /* ActivityState.swift in Sources */,
				16602B312B8ED7C400AF1D4A /* 👤PlaySound.swift in Sources */,
				1679489C2BC643B7004DFF4B /* 👤Registration.swift in Sources */,
				16D237BD2B90975900282592 /* Mode.swift in Sources */,
				16253D002B4E37B20028F0E2 /* SoundFeedback.swift in Sources */,
				16CDEEA52B4D0FBF00664815 /* ContentView.swift in Sources */,
				16CDEEB22B4D0FF200664815 /* 👤GroupActivity.swift in Sources */,
				16C477202B8B195600343DD8 /* 🥽debug.swift in Sources */,
				16CDEEA32B4D0FBF00664815 /* App.swift in Sources */,
				16CDEEB42B4D0FF200664815 /* 🥽AppModel.swift in Sources */,
				16CDEEB12B4D0FF200664815 /* Piece.swift in Sources */,
				16CDEEAF2B4D0FF200664815 /* Side.swift in Sources */,
				16CDEEB02B4D0FF200664815 /* Size.swift in Sources */,
				16C4CE2F2B54AF30002260A6 /* 👤Message.swift in Sources */,
				16C4771D2B8B193100343DD8 /* 🥽reversi.swift in Sources */,
			);
			runOnlyForDeploymentPostprocessing = 0;
		};
/* End PBXSourcesBuildPhase section */

/* Begin XCBuildConfiguration section */
		1601FF152B4AA8BC0050457E /* Debug */ = {
			isa = XCBuildConfiguration;
			buildSettings = {
				ALWAYS_SEARCH_USER_PATHS = NO;
				ASSETCATALOG_COMPILER_GENERATE_SWIFT_ASSET_SYMBOL_EXTENSIONS = YES;
				CLANG_ANALYZER_LOCALIZABILITY_NONLOCALIZED = YES;
				CLANG_ANALYZER_NONNULL = YES;
				CLANG_ANALYZER_NUMBER_OBJECT_CONVERSION = YES_AGGRESSIVE;
				CLANG_CXX_LANGUAGE_STANDARD = "gnu++20";
				CLANG_ENABLE_MODULES = YES;
				CLANG_ENABLE_OBJC_ARC = YES;
				CLANG_ENABLE_OBJC_WEAK = YES;
				CLANG_WARN_BLOCK_CAPTURE_AUTORELEASING = YES;
				CLANG_WARN_BOOL_CONVERSION = YES;
				CLANG_WARN_COMMA = YES;
				CLANG_WARN_CONSTANT_CONVERSION = YES;
				CLANG_WARN_DEPRECATED_OBJC_IMPLEMENTATIONS = YES;
				CLANG_WARN_DIRECT_OBJC_ISA_USAGE = YES_ERROR;
				CLANG_WARN_DOCUMENTATION_COMMENTS = YES;
				CLANG_WARN_EMPTY_BODY = YES;
				CLANG_WARN_ENUM_CONVERSION = YES;
				CLANG_WARN_INFINITE_RECURSION = YES;
				CLANG_WARN_INT_CONVERSION = YES;
				CLANG_WARN_NON_LITERAL_NULL_CONVERSION = YES;
				CLANG_WARN_OBJC_IMPLICIT_RETAIN_SELF = YES;
				CLANG_WARN_OBJC_LITERAL_CONVERSION = YES;
				CLANG_WARN_OBJC_ROOT_CLASS = YES_ERROR;
				CLANG_WARN_QUOTED_INCLUDE_IN_FRAMEWORK_HEADER = YES;
				CLANG_WARN_RANGE_LOOP_ANALYSIS = YES;
				CLANG_WARN_STRICT_PROTOTYPES = YES;
				CLANG_WARN_SUSPICIOUS_MOVE = YES;
				CLANG_WARN_UNGUARDED_AVAILABILITY = YES_AGGRESSIVE;
				CLANG_WARN_UNREACHABLE_CODE = YES;
				CLANG_WARN__DUPLICATE_METHOD_MATCH = YES;
				COPY_PHASE_STRIP = NO;
				DEBUG_INFORMATION_FORMAT = dwarf;
				ENABLE_STRICT_OBJC_MSGSEND = YES;
				ENABLE_TESTABILITY = YES;
				ENABLE_USER_SCRIPT_SANDBOXING = YES;
				GCC_C_LANGUAGE_STANDARD = gnu17;
				GCC_DYNAMIC_NO_PIC = NO;
				GCC_NO_COMMON_BLOCKS = YES;
				GCC_OPTIMIZATION_LEVEL = 0;
				GCC_PREPROCESSOR_DEFINITIONS = (
					"DEBUG=1",
					"$(inherited)",
				);
				GCC_WARN_64_TO_32_BIT_CONVERSION = YES;
				GCC_WARN_ABOUT_RETURN_TYPE = YES_ERROR;
				GCC_WARN_UNDECLARED_SELECTOR = YES;
				GCC_WARN_UNINITIALIZED_AUTOS = YES_AGGRESSIVE;
				GCC_WARN_UNUSED_FUNCTION = YES;
				GCC_WARN_UNUSED_VARIABLE = YES;
				LOCALIZATION_PREFERS_STRING_CATALOGS = YES;
				MTL_ENABLE_DEBUG_INFO = INCLUDE_SOURCE;
				MTL_FAST_MATH = YES;
				ONLY_ACTIVE_ARCH = YES;
				SDKROOT = xros;
				SWIFT_ACTIVE_COMPILATION_CONDITIONS = "DEBUG $(inherited)";
				SWIFT_OPTIMIZATION_LEVEL = "-Onone";
				XROS_DEPLOYMENT_TARGET = 1.1;
			};
			name = Debug;
		};
		1601FF162B4AA8BC0050457E /* Release */ = {
			isa = XCBuildConfiguration;
			buildSettings = {
				ALWAYS_SEARCH_USER_PATHS = NO;
				ASSETCATALOG_COMPILER_GENERATE_SWIFT_ASSET_SYMBOL_EXTENSIONS = YES;
				CLANG_ANALYZER_LOCALIZABILITY_NONLOCALIZED = YES;
				CLANG_ANALYZER_NONNULL = YES;
				CLANG_ANALYZER_NUMBER_OBJECT_CONVERSION = YES_AGGRESSIVE;
				CLANG_CXX_LANGUAGE_STANDARD = "gnu++20";
				CLANG_ENABLE_MODULES = YES;
				CLANG_ENABLE_OBJC_ARC = YES;
				CLANG_ENABLE_OBJC_WEAK = YES;
				CLANG_WARN_BLOCK_CAPTURE_AUTORELEASING = YES;
				CLANG_WARN_BOOL_CONVERSION = YES;
				CLANG_WARN_COMMA = YES;
				CLANG_WARN_CONSTANT_CONVERSION = YES;
				CLANG_WARN_DEPRECATED_OBJC_IMPLEMENTATIONS = YES;
				CLANG_WARN_DIRECT_OBJC_ISA_USAGE = YES_ERROR;
				CLANG_WARN_DOCUMENTATION_COMMENTS = YES;
				CLANG_WARN_EMPTY_BODY = YES;
				CLANG_WARN_ENUM_CONVERSION = YES;
				CLANG_WARN_INFINITE_RECURSION = YES;
				CLANG_WARN_INT_CONVERSION = YES;
				CLANG_WARN_NON_LITERAL_NULL_CONVERSION = YES;
				CLANG_WARN_OBJC_IMPLICIT_RETAIN_SELF = YES;
				CLANG_WARN_OBJC_LITERAL_CONVERSION = YES;
				CLANG_WARN_OBJC_ROOT_CLASS = YES_ERROR;
				CLANG_WARN_QUOTED_INCLUDE_IN_FRAMEWORK_HEADER = YES;
				CLANG_WARN_RANGE_LOOP_ANALYSIS = YES;
				CLANG_WARN_STRICT_PROTOTYPES = YES;
				CLANG_WARN_SUSPICIOUS_MOVE = YES;
				CLANG_WARN_UNGUARDED_AVAILABILITY = YES_AGGRESSIVE;
				CLANG_WARN_UNREACHABLE_CODE = YES;
				CLANG_WARN__DUPLICATE_METHOD_MATCH = YES;
				COPY_PHASE_STRIP = NO;
				DEBUG_INFORMATION_FORMAT = "dwarf-with-dsym";
				ENABLE_NS_ASSERTIONS = NO;
				ENABLE_STRICT_OBJC_MSGSEND = YES;
				ENABLE_USER_SCRIPT_SANDBOXING = YES;
				GCC_C_LANGUAGE_STANDARD = gnu17;
				GCC_NO_COMMON_BLOCKS = YES;
				GCC_WARN_64_TO_32_BIT_CONVERSION = YES;
				GCC_WARN_ABOUT_RETURN_TYPE = YES_ERROR;
				GCC_WARN_UNDECLARED_SELECTOR = YES;
				GCC_WARN_UNINITIALIZED_AUTOS = YES_AGGRESSIVE;
				GCC_WARN_UNUSED_FUNCTION = YES;
				GCC_WARN_UNUSED_VARIABLE = YES;
				LOCALIZATION_PREFERS_STRING_CATALOGS = YES;
				MTL_ENABLE_DEBUG_INFO = NO;
				MTL_FAST_MATH = YES;
				SDKROOT = xros;
				SWIFT_COMPILATION_MODE = wholemodule;
				VALIDATE_PRODUCT = YES;
				XROS_DEPLOYMENT_TARGET = 1.1;
			};
			name = Release;
		};
		1601FF182B4AA8BC0050457E /* Debug */ = {
			isa = XCBuildConfiguration;
			buildSettings = {
				ASSETCATALOG_COMPILER_APPICON_NAME = AppIcon;
				ASSETCATALOG_COMPILER_GLOBAL_ACCENT_COLOR_NAME = AccentColor;
				CODE_SIGN_ENTITLEMENTS = "PersonaReversi/Supporting files/PersonaReversi.entitlements";
				CODE_SIGN_STYLE = Automatic;
				CURRENT_PROJECT_VERSION = 1;
				DEVELOPMENT_ASSET_PATHS = "";
				DEVELOPMENT_TEAM = 6696GEY228;
				ENABLE_PREVIEWS = YES;
				GENERATE_INFOPLIST_FILE = YES;
				INFOPLIST_FILE = "$(TARGET_NAME)/Supporting files/Info.plist";
				INFOPLIST_KEY_CFBundleDisplayName = VolumeVersion;
				INFOPLIST_KEY_LSApplicationCategoryType = "public.app-category.board-games";
				LD_RUNPATH_SEARCH_PATHS = (
					"$(inherited)",
					"@executable_path/Frameworks",
				);
				MARKETING_VERSION = 1.0;
				PRODUCT_BUNDLE_IDENTIFIER = "net.aaaakkkkssssttttnnnn.PersonaReversi-volumeVer";
				PRODUCT_NAME = "$(TARGET_NAME)";
				SUPPORTED_PLATFORMS = "xros xrsimulator";
				SWIFT_EMIT_LOC_STRINGS = YES;
				SWIFT_VERSION = 5.0;
				TARGETED_DEVICE_FAMILY = "1,2,7";
			};
			name = Debug;
		};
		1601FF192B4AA8BC0050457E /* Release */ = {
			isa = XCBuildConfiguration;
			buildSettings = {
				ASSETCATALOG_COMPILER_APPICON_NAME = AppIcon;
				ASSETCATALOG_COMPILER_GLOBAL_ACCENT_COLOR_NAME = AccentColor;
				CODE_SIGN_ENTITLEMENTS = "PersonaReversi/Supporting files/PersonaReversi.entitlements";
				CODE_SIGN_STYLE = Automatic;
				CURRENT_PROJECT_VERSION = 1;
				DEVELOPMENT_ASSET_PATHS = "";
				DEVELOPMENT_TEAM = 6696GEY228;
				ENABLE_PREVIEWS = YES;
				GENERATE_INFOPLIST_FILE = YES;
				INFOPLIST_FILE = "$(TARGET_NAME)/Supporting files/Info.plist";
				INFOPLIST_KEY_CFBundleDisplayName = VolumeVersion;
				INFOPLIST_KEY_LSApplicationCategoryType = "public.app-category.board-games";
				LD_RUNPATH_SEARCH_PATHS = (
					"$(inherited)",
					"@executable_path/Frameworks",
				);
				MARKETING_VERSION = 1.0;
				PRODUCT_BUNDLE_IDENTIFIER = "net.aaaakkkkssssttttnnnn.PersonaReversi-volumeVer";
				PRODUCT_NAME = "$(TARGET_NAME)";
				SUPPORTED_PLATFORMS = "xros xrsimulator";
				SWIFT_EMIT_LOC_STRINGS = YES;
				SWIFT_VERSION = 5.0;
				TARGETED_DEVICE_FAMILY = "1,2,7";
			};
			name = Release;
		};
		16CDEEAC2B4D0FC100664815 /* Debug */ = {
			isa = XCBuildConfiguration;
			buildSettings = {
				ASSETCATALOG_COMPILER_APPICON_NAME = AppIcon;
				ASSETCATALOG_COMPILER_GLOBAL_ACCENT_COLOR_NAME = AccentColor;
				CODE_SIGN_ENTITLEMENTS = "iOS for debug/iOS for debug.entitlements";
				CODE_SIGN_STYLE = Automatic;
				CURRENT_PROJECT_VERSION = 1;
				DEVELOPMENT_ASSET_PATHS = "";
				DEVELOPMENT_TEAM = 6696GEY228;
				ENABLE_PREVIEWS = YES;
				GENERATE_INFOPLIST_FILE = YES;
				INFOPLIST_KEY_CFBundleDisplayName = "PersonaReversi(volume)";
				INFOPLIST_KEY_UIApplicationSceneManifest_Generation = YES;
				INFOPLIST_KEY_UIApplicationSupportsIndirectInputEvents = YES;
				INFOPLIST_KEY_UILaunchScreen_Generation = YES;
				INFOPLIST_KEY_UISupportedInterfaceOrientations_iPad = "UIInterfaceOrientationPortrait UIInterfaceOrientationPortraitUpsideDown UIInterfaceOrientationLandscapeLeft UIInterfaceOrientationLandscapeRight";
				INFOPLIST_KEY_UISupportedInterfaceOrientations_iPhone = "UIInterfaceOrientationPortrait UIInterfaceOrientationLandscapeLeft UIInterfaceOrientationLandscapeRight";
				IPHONEOS_DEPLOYMENT_TARGET = 17.2;
				LD_RUNPATH_SEARCH_PATHS = (
					"$(inherited)",
					"@executable_path/Frameworks",
				);
				MARKETING_VERSION = 1.0;
				PRODUCT_BUNDLE_IDENTIFIER = "net.aaaakkkkssssttttnnnn.PersonaReversi-volumeVer";
				PRODUCT_NAME = "$(TARGET_NAME)";
				SDKROOT = iphoneos;
				SWIFT_EMIT_LOC_STRINGS = YES;
				SWIFT_VERSION = 5.0;
				TARGETED_DEVICE_FAMILY = "1,2";
			};
			name = Debug;
		};
		16CDEEAD2B4D0FC100664815 /* Release */ = {
			isa = XCBuildConfiguration;
			buildSettings = {
				ASSETCATALOG_COMPILER_APPICON_NAME = AppIcon;
				ASSETCATALOG_COMPILER_GLOBAL_ACCENT_COLOR_NAME = AccentColor;
				CODE_SIGN_ENTITLEMENTS = "iOS for debug/iOS for debug.entitlements";
				CODE_SIGN_STYLE = Automatic;
				CURRENT_PROJECT_VERSION = 1;
				DEVELOPMENT_ASSET_PATHS = "";
				DEVELOPMENT_TEAM = 6696GEY228;
				ENABLE_PREVIEWS = YES;
				GENERATE_INFOPLIST_FILE = YES;
				INFOPLIST_KEY_CFBundleDisplayName = "PersonaReversi(volume)";
				INFOPLIST_KEY_UIApplicationSceneManifest_Generation = YES;
				INFOPLIST_KEY_UIApplicationSupportsIndirectInputEvents = YES;
				INFOPLIST_KEY_UILaunchScreen_Generation = YES;
				INFOPLIST_KEY_UISupportedInterfaceOrientations_iPad = "UIInterfaceOrientationPortrait UIInterfaceOrientationPortraitUpsideDown UIInterfaceOrientationLandscapeLeft UIInterfaceOrientationLandscapeRight";
				INFOPLIST_KEY_UISupportedInterfaceOrientations_iPhone = "UIInterfaceOrientationPortrait UIInterfaceOrientationLandscapeLeft UIInterfaceOrientationLandscapeRight";
				IPHONEOS_DEPLOYMENT_TARGET = 17.2;
				LD_RUNPATH_SEARCH_PATHS = (
					"$(inherited)",
					"@executable_path/Frameworks",
				);
				MARKETING_VERSION = 1.0;
				PRODUCT_BUNDLE_IDENTIFIER = "net.aaaakkkkssssttttnnnn.PersonaReversi-volumeVer";
				PRODUCT_NAME = "$(TARGET_NAME)";
				SDKROOT = iphoneos;
				SWIFT_EMIT_LOC_STRINGS = YES;
				SWIFT_VERSION = 5.0;
				TARGETED_DEVICE_FAMILY = "1,2";
			};
			name = Release;
		};
/* End XCBuildConfiguration section */

/* Begin XCConfigurationList section */
		1601FEFF2B4AA8BA0050457E /* Build configuration list for PBXProject "PersonaReversi" */ = {
			isa = XCConfigurationList;
			buildConfigurations = (
				1601FF152B4AA8BC0050457E /* Debug */,
				1601FF162B4AA8BC0050457E /* Release */,
			);
			defaultConfigurationIsVisible = 0;
			defaultConfigurationName = Release;
		};
		1601FF172B4AA8BC0050457E /* Build configuration list for PBXNativeTarget "PersonaReversi" */ = {
			isa = XCConfigurationList;
			buildConfigurations = (
				1601FF182B4AA8BC0050457E /* Debug */,
				1601FF192B4AA8BC0050457E /* Release */,
			);
			defaultConfigurationIsVisible = 0;
			defaultConfigurationName = Release;
		};
		16CDEEAB2B4D0FC100664815 /* Build configuration list for PBXNativeTarget "iOS for debug" */ = {
			isa = XCConfigurationList;
			buildConfigurations = (
				16CDEEAC2B4D0FC100664815 /* Debug */,
				16CDEEAD2B4D0FC100664815 /* Release */,
			);
			defaultConfigurationIsVisible = 0;
			defaultConfigurationName = Release;
		};
/* End XCConfigurationList section */

/* Begin XCSwiftPackageProductDependency section */
		1601FF092B4AA8BA0050457E /* RealityKitContent */ = {
			isa = XCSwiftPackageProductDependency;
			productName = RealityKitContent;
		};
/* End XCSwiftPackageProductDependency section */
	};
	rootObject = 1601FEFC2B4AA8BA0050457E /* Project object */;
}
