// !$*UTF8*$!
{
	archiveVersion = 1;
	classes = {
	};
	objectVersion = 56;
	objects = {

/* Begin PBXBuildFile section */
		1601FF0A2B4AA8BA0050457E /* RealityKitContent in Frameworks */ = {isa = PBXBuildFile; productRef = 1601FF092B4AA8BA0050457E /* RealityKitContent */; };
		1601FF0C2B4AA8BA0050457E /* App.swift in Sources */ = {isa = PBXBuildFile; fileRef = 1601FF0B2B4AA8BA0050457E /* App.swift */; };
		1601FF0E2B4AA8BA0050457E /* ContentView.swift in Sources */ = {isa = PBXBuildFile; fileRef = 1601FF0D2B4AA8BA0050457E /* ContentView.swift */; };
		1601FF102B4AA8BC0050457E /* Assets.xcassets in Resources */ = {isa = PBXBuildFile; fileRef = 1601FF0F2B4AA8BC0050457E /* Assets.xcassets */; };
		160ED79A2B4B8147002AD987 /* Side.swift in Sources */ = {isa = PBXBuildFile; fileRef = 160ED7992B4B8147002AD987 /* Side.swift */; };
		160ED79C2B4B827E002AD987 /* AppModel.swift in Sources */ = {isa = PBXBuildFile; fileRef = 160ED79B2B4B827E002AD987 /* AppModel.swift */; };
		160ED7A02B4BB705002AD987 /* FixedValue.swift in Sources */ = {isa = PBXBuildFile; fileRef = 160ED79F2B4BB705002AD987 /* FixedValue.swift */; };
		160ED7A22B4CC0F9002AD987 /* SquareView.swift in Sources */ = {isa = PBXBuildFile; fileRef = 160ED7A12B4CC0F9002AD987 /* SquareView.swift */; };
		160ED7A42B4CC153002AD987 /* Pieces.swift in Sources */ = {isa = PBXBuildFile; fileRef = 160ED7A32B4CC153002AD987 /* Pieces.swift */; };
		160ED7A62B4CC15A002AD987 /* Piece.swift in Sources */ = {isa = PBXBuildFile; fileRef = 160ED7A52B4CC15A002AD987 /* Piece.swift */; };
		160ED7A82B4CC20D002AD987 /* Toolbar.swift in Sources */ = {isa = PBXBuildFile; fileRef = 160ED7A72B4CC20D002AD987 /* Toolbar.swift */; };
		160ED7AA2B4CCC17002AD987 /* BoardView.swift in Sources */ = {isa = PBXBuildFile; fileRef = 160ED7A92B4CCC16002AD987 /* BoardView.swift */; };
		16253CFF2B4E37B20028F0E2 /* 📢SoundEffect.swift in Sources */ = {isa = PBXBuildFile; fileRef = 16253CFE2B4E37B20028F0E2 /* 📢SoundEffect.swift */; };
		16253D002B4E37B20028F0E2 /* 📢SoundEffect.swift in Sources */ = {isa = PBXBuildFile; fileRef = 16253CFE2B4E37B20028F0E2 /* 📢SoundEffect.swift */; };
		1638F80A2B4F962900E0CAD2 /* SettingPanel.swift in Sources */ = {isa = PBXBuildFile; fileRef = 1638F8092B4F962900E0CAD2 /* SettingPanel.swift */; };
		16C158A72B4CEA2B00835A85 /* ResultView.swift in Sources */ = {isa = PBXBuildFile; fileRef = 16C158A62B4CEA2B00835A85 /* ResultView.swift */; };
		16C158AB2B4D05F000835A85 /* PieceView.swift in Sources */ = {isa = PBXBuildFile; fileRef = 16C158AA2B4D05F000835A85 /* PieceView.swift */; };
		16CDEE992B4D0B3500664815 /* 👤GroupActivity.swift in Sources */ = {isa = PBXBuildFile; fileRef = 16CDEE972B4D0B3500664815 /* 👤GroupActivity.swift */; };
		16CDEE9A2B4D0B3500664815 /* 👤Registration.swift in Sources */ = {isa = PBXBuildFile; fileRef = 16CDEE982B4D0B3500664815 /* 👤Registration.swift */; };
		16CDEEA32B4D0FBF00664815 /* App.swift in Sources */ = {isa = PBXBuildFile; fileRef = 16CDEEA22B4D0FBF00664815 /* App.swift */; };
		16CDEEA52B4D0FBF00664815 /* ContentView.swift in Sources */ = {isa = PBXBuildFile; fileRef = 16CDEEA42B4D0FBF00664815 /* ContentView.swift */; };
		16CDEEA72B4D0FC100664815 /* Assets.xcassets in Resources */ = {isa = PBXBuildFile; fileRef = 16CDEEA62B4D0FC100664815 /* Assets.xcassets */; };
		16CDEEAE2B4D0FF200664815 /* 👤Registration.swift in Sources */ = {isa = PBXBuildFile; fileRef = 16CDEE982B4D0B3500664815 /* 👤Registration.swift */; };
		16CDEEAF2B4D0FF200664815 /* Side.swift in Sources */ = {isa = PBXBuildFile; fileRef = 160ED7992B4B8147002AD987 /* Side.swift */; };
		16CDEEB02B4D0FF200664815 /* FixedValue.swift in Sources */ = {isa = PBXBuildFile; fileRef = 160ED79F2B4BB705002AD987 /* FixedValue.swift */; };
		16CDEEB12B4D0FF200664815 /* Piece.swift in Sources */ = {isa = PBXBuildFile; fileRef = 160ED7A52B4CC15A002AD987 /* Piece.swift */; };
		16CDEEB22B4D0FF200664815 /* 👤GroupActivity.swift in Sources */ = {isa = PBXBuildFile; fileRef = 16CDEE972B4D0B3500664815 /* 👤GroupActivity.swift */; };
		16CDEEB32B4D0FF200664815 /* Pieces.swift in Sources */ = {isa = PBXBuildFile; fileRef = 160ED7A32B4CC153002AD987 /* Pieces.swift */; };
		16CDEEB42B4D0FF200664815 /* AppModel.swift in Sources */ = {isa = PBXBuildFile; fileRef = 160ED79B2B4B827E002AD987 /* AppModel.swift */; };
/* End PBXBuildFile section */

/* Begin PBXFileReference section */
		1601FF042B4AA8BA0050457E /* SpatialReversi.app */ = {isa = PBXFileReference; explicitFileType = wrapper.application; includeInIndex = 0; path = SpatialReversi.app; sourceTree = BUILT_PRODUCTS_DIR; };
		1601FF082B4AA8BA0050457E /* RealityKitContent */ = {isa = PBXFileReference; lastKnownFileType = wrapper; path = RealityKitContent; sourceTree = "<group>"; };
		1601FF0B2B4AA8BA0050457E /* App.swift */ = {isa = PBXFileReference; lastKnownFileType = sourcecode.swift; path = App.swift; sourceTree = "<group>"; };
		1601FF0D2B4AA8BA0050457E /* ContentView.swift */ = {isa = PBXFileReference; lastKnownFileType = sourcecode.swift; path = ContentView.swift; sourceTree = "<group>"; };
		1601FF0F2B4AA8BC0050457E /* Assets.xcassets */ = {isa = PBXFileReference; lastKnownFileType = folder.assetcatalog; path = Assets.xcassets; sourceTree = "<group>"; };
		1601FF142B4AA8BC0050457E /* Info.plist */ = {isa = PBXFileReference; lastKnownFileType = text.plist.xml; path = Info.plist; sourceTree = "<group>"; };
		160ED7992B4B8147002AD987 /* Side.swift */ = {isa = PBXFileReference; lastKnownFileType = sourcecode.swift; path = Side.swift; sourceTree = "<group>"; };
		160ED79B2B4B827E002AD987 /* AppModel.swift */ = {isa = PBXFileReference; lastKnownFileType = sourcecode.swift; path = AppModel.swift; sourceTree = "<group>"; };
		160ED79D2B4B8E1A002AD987 /* SettingView.swift */ = {isa = PBXFileReference; lastKnownFileType = sourcecode.swift; path = SettingView.swift; sourceTree = "<group>"; };
		160ED79F2B4BB705002AD987 /* FixedValue.swift */ = {isa = PBXFileReference; lastKnownFileType = sourcecode.swift; path = FixedValue.swift; sourceTree = "<group>"; };
		160ED7A12B4CC0F9002AD987 /* SquareView.swift */ = {isa = PBXFileReference; lastKnownFileType = sourcecode.swift; path = SquareView.swift; sourceTree = "<group>"; };
		160ED7A32B4CC153002AD987 /* Pieces.swift */ = {isa = PBXFileReference; lastKnownFileType = sourcecode.swift; path = Pieces.swift; sourceTree = "<group>"; };
		160ED7A52B4CC15A002AD987 /* Piece.swift */ = {isa = PBXFileReference; lastKnownFileType = sourcecode.swift; path = Piece.swift; sourceTree = "<group>"; };
		160ED7A72B4CC20D002AD987 /* Toolbar.swift */ = {isa = PBXFileReference; lastKnownFileType = sourcecode.swift; path = Toolbar.swift; sourceTree = "<group>"; };
		160ED7A92B4CCC16002AD987 /* BoardView.swift */ = {isa = PBXFileReference; lastKnownFileType = sourcecode.swift; path = BoardView.swift; sourceTree = "<group>"; };
		16253CFE2B4E37B20028F0E2 /* 📢SoundEffect.swift */ = {isa = PBXFileReference; fileEncoding = 4; lastKnownFileType = sourcecode.swift; path = "📢SoundEffect.swift"; sourceTree = "<group>"; };
		1638F8072B4F90CC00E0CAD2 /* Archive.swift */ = {isa = PBXFileReference; lastKnownFileType = sourcecode.swift; path = Archive.swift; sourceTree = "<group>"; };
		1638F8092B4F962900E0CAD2 /* SettingPanel.swift */ = {isa = PBXFileReference; lastKnownFileType = sourcecode.swift; path = SettingPanel.swift; sourceTree = "<group>"; };
		16C158A62B4CEA2B00835A85 /* ResultView.swift */ = {isa = PBXFileReference; lastKnownFileType = sourcecode.swift; path = ResultView.swift; sourceTree = "<group>"; };
		16C158AA2B4D05F000835A85 /* PieceView.swift */ = {isa = PBXFileReference; lastKnownFileType = sourcecode.swift; path = PieceView.swift; sourceTree = "<group>"; };
		16CDEE972B4D0B3500664815 /* 👤GroupActivity.swift */ = {isa = PBXFileReference; fileEncoding = 4; lastKnownFileType = sourcecode.swift; path = "👤GroupActivity.swift"; sourceTree = "<group>"; };
		16CDEE982B4D0B3500664815 /* 👤Registration.swift */ = {isa = PBXFileReference; fileEncoding = 4; lastKnownFileType = sourcecode.swift; path = "👤Registration.swift"; sourceTree = "<group>"; };
		16CDEE9B2B4D0C6E00664815 /* SpatialReversi.entitlements */ = {isa = PBXFileReference; lastKnownFileType = text.plist.entitlements; path = SpatialReversi.entitlements; sourceTree = "<group>"; };
		16CDEEA02B4D0FBF00664815 /* SR_iOS_debug.app */ = {isa = PBXFileReference; explicitFileType = wrapper.application; includeInIndex = 0; path = SR_iOS_debug.app; sourceTree = BUILT_PRODUCTS_DIR; };
		16CDEEA22B4D0FBF00664815 /* App.swift */ = {isa = PBXFileReference; lastKnownFileType = sourcecode.swift; path = App.swift; sourceTree = "<group>"; };
		16CDEEA42B4D0FBF00664815 /* ContentView.swift */ = {isa = PBXFileReference; lastKnownFileType = sourcecode.swift; path = ContentView.swift; sourceTree = "<group>"; };
		16CDEEA62B4D0FC100664815 /* Assets.xcassets */ = {isa = PBXFileReference; lastKnownFileType = folder.assetcatalog; path = Assets.xcassets; sourceTree = "<group>"; };
		16CDEEB52B4D100600664815 /* SR_iOS_debug.entitlements */ = {isa = PBXFileReference; lastKnownFileType = text.plist.entitlements; path = SR_iOS_debug.entitlements; sourceTree = "<group>"; };
/* End PBXFileReference section */

/* Begin PBXFrameworksBuildPhase section */
		1601FF012B4AA8BA0050457E /* Frameworks */ = {
			isa = PBXFrameworksBuildPhase;
			buildActionMask = 2147483647;
			files = (
				1601FF0A2B4AA8BA0050457E /* RealityKitContent in Frameworks */,
			);
			runOnlyForDeploymentPostprocessing = 0;
		};
		16CDEE9D2B4D0FBF00664815 /* Frameworks */ = {
			isa = PBXFrameworksBuildPhase;
			buildActionMask = 2147483647;
			files = (
			);
			runOnlyForDeploymentPostprocessing = 0;
		};
/* End PBXFrameworksBuildPhase section */

/* Begin PBXGroup section */
		1601FEFB2B4AA8BA0050457E = {
			isa = PBXGroup;
			children = (
				1601FF062B4AA8BA0050457E /* SpatialReversi */,
				1601FF072B4AA8BA0050457E /* Packages */,
				16CDEEA12B4D0FBF00664815 /* SR_iOS_debug */,
				1601FF052B4AA8BA0050457E /* Products */,
			);
			sourceTree = "<group>";
		};
		1601FF052B4AA8BA0050457E /* Products */ = {
			isa = PBXGroup;
			children = (
				1601FF042B4AA8BA0050457E /* SpatialReversi.app */,
				16CDEEA02B4D0FBF00664815 /* SR_iOS_debug.app */,
			);
			name = Products;
			sourceTree = "<group>";
		};
		1601FF062B4AA8BA0050457E /* SpatialReversi */ = {
			isa = PBXGroup;
			children = (
				1601FF0B2B4AA8BA0050457E /* App.swift */,
				1601FF0D2B4AA8BA0050457E /* ContentView.swift */,
				160ED79B2B4B827E002AD987 /* AppModel.swift */,
				16CDEE972B4D0B3500664815 /* 👤GroupActivity.swift */,
				16CDEE982B4D0B3500664815 /* 👤Registration.swift */,
				16C158A92B4D058300835A85 /* SubView */,
				16C158A82B4D057B00835A85 /* SubModel */,
				1638F8062B4F904200E0CAD2 /* Archive */,
				1601FF0F2B4AA8BC0050457E /* Assets.xcassets */,
				1601FF142B4AA8BC0050457E /* Info.plist */,
				16CDEE9B2B4D0C6E00664815 /* SpatialReversi.entitlements */,
			);
			path = SpatialReversi;
			sourceTree = "<group>";
		};
		1601FF072B4AA8BA0050457E /* Packages */ = {
			isa = PBXGroup;
			children = (
				1601FF082B4AA8BA0050457E /* RealityKitContent */,
			);
			path = Packages;
			sourceTree = "<group>";
		};
		1638F8062B4F904200E0CAD2 /* Archive */ = {
			isa = PBXGroup;
			children = (
				1638F8072B4F90CC00E0CAD2 /* Archive.swift */,
				160ED79D2B4B8E1A002AD987 /* SettingView.swift */,
			);
			path = Archive;
			sourceTree = "<group>";
		};
		16C158A82B4D057B00835A85 /* SubModel */ = {
			isa = PBXGroup;
			children = (
				160ED7A32B4CC153002AD987 /* Pieces.swift */,
				160ED7A52B4CC15A002AD987 /* Piece.swift */,
				160ED7992B4B8147002AD987 /* Side.swift */,
				160ED79F2B4BB705002AD987 /* FixedValue.swift */,
				16253CFE2B4E37B20028F0E2 /* 📢SoundEffect.swift */,
			);
			path = SubModel;
			sourceTree = "<group>";
		};
		16C158A92B4D058300835A85 /* SubView */ = {
			isa = PBXGroup;
			children = (
				160ED7A92B4CCC16002AD987 /* BoardView.swift */,
				160ED7A12B4CC0F9002AD987 /* SquareView.swift */,
				16C158AA2B4D05F000835A85 /* PieceView.swift */,
				160ED7A72B4CC20D002AD987 /* Toolbar.swift */,
				16C158A62B4CEA2B00835A85 /* ResultView.swift */,
				1638F8092B4F962900E0CAD2 /* SettingPanel.swift */,
			);
			path = SubView;
			sourceTree = "<group>";
		};
		16CDEEA12B4D0FBF00664815 /* SR_iOS_debug */ = {
			isa = PBXGroup;
			children = (
				16CDEEA22B4D0FBF00664815 /* App.swift */,
				16CDEEA42B4D0FBF00664815 /* ContentView.swift */,
				16CDEEA62B4D0FC100664815 /* Assets.xcassets */,
				16CDEEB52B4D100600664815 /* SR_iOS_debug.entitlements */,
			);
			path = SR_iOS_debug;
			sourceTree = "<group>";
		};
/* End PBXGroup section */

/* Begin PBXNativeTarget section */
		1601FF032B4AA8BA0050457E /* SpatialReversi */ = {
			isa = PBXNativeTarget;
			buildConfigurationList = 1601FF172B4AA8BC0050457E /* Build configuration list for PBXNativeTarget "SpatialReversi" */;
			buildPhases = (
				1601FF002B4AA8BA0050457E /* Sources */,
				1601FF012B4AA8BA0050457E /* Frameworks */,
				1601FF022B4AA8BA0050457E /* Resources */,
			);
			buildRules = (
			);
			dependencies = (
			);
			name = SpatialReversi;
			packageProductDependencies = (
				1601FF092B4AA8BA0050457E /* RealityKitContent */,
			);
			productName = SpacialReversi;
			productReference = 1601FF042B4AA8BA0050457E /* SpatialReversi.app */;
			productType = "com.apple.product-type.application";
		};
		16CDEE9F2B4D0FBF00664815 /* SR_iOS_debug */ = {
			isa = PBXNativeTarget;
			buildConfigurationList = 16CDEEAB2B4D0FC100664815 /* Build configuration list for PBXNativeTarget "SR_iOS_debug" */;
			buildPhases = (
				16CDEE9C2B4D0FBF00664815 /* Sources */,
				16CDEE9D2B4D0FBF00664815 /* Frameworks */,
				16CDEE9E2B4D0FBF00664815 /* Resources */,
			);
			buildRules = (
			);
			dependencies = (
			);
			name = SR_iOS_debug;
			productName = SR_iOS_debug;
			productReference = 16CDEEA02B4D0FBF00664815 /* SR_iOS_debug.app */;
			productType = "com.apple.product-type.application";
		};
/* End PBXNativeTarget section */

/* Begin PBXProject section */
		1601FEFC2B4AA8BA0050457E /* Project object */ = {
			isa = PBXProject;
			attributes = {
				BuildIndependentTargetsInParallel = 1;
				LastSwiftUpdateCheck = 1520;
				LastUpgradeCheck = 1520;
				TargetAttributes = {
					1601FF032B4AA8BA0050457E = {
						CreatedOnToolsVersion = 15.2;
					};
					16CDEE9F2B4D0FBF00664815 = {
						CreatedOnToolsVersion = 15.2;
					};
				};
			};
			buildConfigurationList = 1601FEFF2B4AA8BA0050457E /* Build configuration list for PBXProject "SpatialReversi" */;
			compatibilityVersion = "Xcode 14.0";
			developmentRegion = en;
			hasScannedForEncodings = 0;
			knownRegions = (
				en,
				Base,
				ja,
			);
			mainGroup = 1601FEFB2B4AA8BA0050457E;
			productRefGroup = 1601FF052B4AA8BA0050457E /* Products */;
			projectDirPath = "";
			projectRoot = "";
			targets = (
				1601FF032B4AA8BA0050457E /* SpatialReversi */,
				16CDEE9F2B4D0FBF00664815 /* SR_iOS_debug */,
			);
		};
/* End PBXProject section */

/* Begin PBXResourcesBuildPhase section */
		1601FF022B4AA8BA0050457E /* Resources */ = {
			isa = PBXResourcesBuildPhase;
			buildActionMask = 2147483647;
			files = (
				1601FF102B4AA8BC0050457E /* Assets.xcassets in Resources */,
			);
			runOnlyForDeploymentPostprocessing = 0;
		};
		16CDEE9E2B4D0FBF00664815 /* Resources */ = {
			isa = PBXResourcesBuildPhase;
			buildActionMask = 2147483647;
			files = (
				16CDEEA72B4D0FC100664815 /* Assets.xcassets in Resources */,
			);
			runOnlyForDeploymentPostprocessing = 0;
		};
/* End PBXResourcesBuildPhase section */

/* Begin PBXSourcesBuildPhase section */
		1601FF002B4AA8BA0050457E /* Sources */ = {
			isa = PBXSourcesBuildPhase;
			buildActionMask = 2147483647;
			files = (
				160ED7AA2B4CCC17002AD987 /* BoardView.swift in Sources */,
				16CDEE992B4D0B3500664815 /* 👤GroupActivity.swift in Sources */,
				160ED7A42B4CC153002AD987 /* Pieces.swift in Sources */,
				16253CFF2B4E37B20028F0E2 /* 📢SoundEffect.swift in Sources */,
				160ED7A02B4BB705002AD987 /* FixedValue.swift in Sources */,
				1601FF0E2B4AA8BA0050457E /* ContentView.swift in Sources */,
				16C158A72B4CEA2B00835A85 /* ResultView.swift in Sources */,
				1601FF0C2B4AA8BA0050457E /* App.swift in Sources */,
				160ED7A62B4CC15A002AD987 /* Piece.swift in Sources */,
				160ED7A82B4CC20D002AD987 /* Toolbar.swift in Sources */,
				160ED7A22B4CC0F9002AD987 /* SquareView.swift in Sources */,
				1638F80A2B4F962900E0CAD2 /* SettingPanel.swift in Sources */,
				16CDEE9A2B4D0B3500664815 /* 👤Registration.swift in Sources */,
				160ED79A2B4B8147002AD987 /* Side.swift in Sources */,
				16C158AB2B4D05F000835A85 /* PieceView.swift in Sources */,
				160ED79C2B4B827E002AD987 /* AppModel.swift in Sources */,
			);
			runOnlyForDeploymentPostprocessing = 0;
		};
		16CDEE9C2B4D0FBF00664815 /* Sources */ = {
			isa = PBXSourcesBuildPhase;
			buildActionMask = 2147483647;
			files = (
				16CDEEB32B4D0FF200664815 /* Pieces.swift in Sources */,
				16253D002B4E37B20028F0E2 /* 📢SoundEffect.swift in Sources */,
				16CDEEA52B4D0FBF00664815 /* ContentView.swift in Sources */,
				16CDEEB22B4D0FF200664815 /* 👤GroupActivity.swift in Sources */,
				16CDEEA32B4D0FBF00664815 /* App.swift in Sources */,
				16CDEEB42B4D0FF200664815 /* AppModel.swift in Sources */,
				16CDEEB12B4D0FF200664815 /* Piece.swift in Sources */,
				16CDEEAF2B4D0FF200664815 /* Side.swift in Sources */,
				16CDEEAE2B4D0FF200664815 /* 👤Registration.swift in Sources */,
				16CDEEB02B4D0FF200664815 /* FixedValue.swift in Sources */,
			);
			runOnlyForDeploymentPostprocessing = 0;
		};
/* End PBXSourcesBuildPhase section */

/* Begin XCBuildConfiguration section */
		1601FF152B4AA8BC0050457E /* Debug */ = {
			isa = XCBuildConfiguration;
			buildSettings = {
				ALWAYS_SEARCH_USER_PATHS = NO;
				ASSETCATALOG_COMPILER_GENERATE_SWIFT_ASSET_SYMBOL_EXTENSIONS = YES;
				CLANG_ANALYZER_NONNULL = YES;
				CLANG_ANALYZER_NUMBER_OBJECT_CONVERSION = YES_AGGRESSIVE;
				CLANG_CXX_LANGUAGE_STANDARD = "gnu++20";
				CLANG_ENABLE_MODULES = YES;
				CLANG_ENABLE_OBJC_ARC = YES;
				CLANG_ENABLE_OBJC_WEAK = YES;
				CLANG_WARN_BLOCK_CAPTURE_AUTORELEASING = YES;
				CLANG_WARN_BOOL_CONVERSION = YES;
				CLANG_WARN_COMMA = YES;
				CLANG_WARN_CONSTANT_CONVERSION = YES;
				CLANG_WARN_DEPRECATED_OBJC_IMPLEMENTATIONS = YES;
				CLANG_WARN_DIRECT_OBJC_ISA_USAGE = YES_ERROR;
				CLANG_WARN_DOCUMENTATION_COMMENTS = YES;
				CLANG_WARN_EMPTY_BODY = YES;
				CLANG_WARN_ENUM_CONVERSION = YES;
				CLANG_WARN_INFINITE_RECURSION = YES;
				CLANG_WARN_INT_CONVERSION = YES;
				CLANG_WARN_NON_LITERAL_NULL_CONVERSION = YES;
				CLANG_WARN_OBJC_IMPLICIT_RETAIN_SELF = YES;
				CLANG_WARN_OBJC_LITERAL_CONVERSION = YES;
				CLANG_WARN_OBJC_ROOT_CLASS = YES_ERROR;
				CLANG_WARN_QUOTED_INCLUDE_IN_FRAMEWORK_HEADER = YES;
				CLANG_WARN_RANGE_LOOP_ANALYSIS = YES;
				CLANG_WARN_STRICT_PROTOTYPES = YES;
				CLANG_WARN_SUSPICIOUS_MOVE = YES;
				CLANG_WARN_UNGUARDED_AVAILABILITY = YES_AGGRESSIVE;
				CLANG_WARN_UNREACHABLE_CODE = YES;
				CLANG_WARN__DUPLICATE_METHOD_MATCH = YES;
				COPY_PHASE_STRIP = NO;
				DEBUG_INFORMATION_FORMAT = dwarf;
				ENABLE_STRICT_OBJC_MSGSEND = YES;
				ENABLE_TESTABILITY = YES;
				ENABLE_USER_SCRIPT_SANDBOXING = YES;
				GCC_C_LANGUAGE_STANDARD = gnu17;
				GCC_DYNAMIC_NO_PIC = NO;
				GCC_NO_COMMON_BLOCKS = YES;
				GCC_OPTIMIZATION_LEVEL = 0;
				GCC_PREPROCESSOR_DEFINITIONS = (
					"DEBUG=1",
					"$(inherited)",
				);
				GCC_WARN_64_TO_32_BIT_CONVERSION = YES;
				GCC_WARN_ABOUT_RETURN_TYPE = YES_ERROR;
				GCC_WARN_UNDECLARED_SELECTOR = YES;
				GCC_WARN_UNINITIALIZED_AUTOS = YES_AGGRESSIVE;
				GCC_WARN_UNUSED_FUNCTION = YES;
				GCC_WARN_UNUSED_VARIABLE = YES;
				LOCALIZATION_PREFERS_STRING_CATALOGS = YES;
				MTL_ENABLE_DEBUG_INFO = INCLUDE_SOURCE;
				MTL_FAST_MATH = YES;
				ONLY_ACTIVE_ARCH = YES;
				SDKROOT = xros;
				SWIFT_ACTIVE_COMPILATION_CONDITIONS = "DEBUG $(inherited)";
				SWIFT_OPTIMIZATION_LEVEL = "-Onone";
				XROS_DEPLOYMENT_TARGET = 1.0;
			};
			name = Debug;
		};
		1601FF162B4AA8BC0050457E /* Release */ = {
			isa = XCBuildConfiguration;
			buildSettings = {
				ALWAYS_SEARCH_USER_PATHS = NO;
				ASSETCATALOG_COMPILER_GENERATE_SWIFT_ASSET_SYMBOL_EXTENSIONS = YES;
				CLANG_ANALYZER_NONNULL = YES;
				CLANG_ANALYZER_NUMBER_OBJECT_CONVERSION = YES_AGGRESSIVE;
				CLANG_CXX_LANGUAGE_STANDARD = "gnu++20";
				CLANG_ENABLE_MODULES = YES;
				CLANG_ENABLE_OBJC_ARC = YES;
				CLANG_ENABLE_OBJC_WEAK = YES;
				CLANG_WARN_BLOCK_CAPTURE_AUTORELEASING = YES;
				CLANG_WARN_BOOL_CONVERSION = YES;
				CLANG_WARN_COMMA = YES;
				CLANG_WARN_CONSTANT_CONVERSION = YES;
				CLANG_WARN_DEPRECATED_OBJC_IMPLEMENTATIONS = YES;
				CLANG_WARN_DIRECT_OBJC_ISA_USAGE = YES_ERROR;
				CLANG_WARN_DOCUMENTATION_COMMENTS = YES;
				CLANG_WARN_EMPTY_BODY = YES;
				CLANG_WARN_ENUM_CONVERSION = YES;
				CLANG_WARN_INFINITE_RECURSION = YES;
				CLANG_WARN_INT_CONVERSION = YES;
				CLANG_WARN_NON_LITERAL_NULL_CONVERSION = YES;
				CLANG_WARN_OBJC_IMPLICIT_RETAIN_SELF = YES;
				CLANG_WARN_OBJC_LITERAL_CONVERSION = YES;
				CLANG_WARN_OBJC_ROOT_CLASS = YES_ERROR;
				CLANG_WARN_QUOTED_INCLUDE_IN_FRAMEWORK_HEADER = YES;
				CLANG_WARN_RANGE_LOOP_ANALYSIS = YES;
				CLANG_WARN_STRICT_PROTOTYPES = YES;
				CLANG_WARN_SUSPICIOUS_MOVE = YES;
				CLANG_WARN_UNGUARDED_AVAILABILITY = YES_AGGRESSIVE;
				CLANG_WARN_UNREACHABLE_CODE = YES;
				CLANG_WARN__DUPLICATE_METHOD_MATCH = YES;
				COPY_PHASE_STRIP = NO;
				DEBUG_INFORMATION_FORMAT = "dwarf-with-dsym";
				ENABLE_NS_ASSERTIONS = NO;
				ENABLE_STRICT_OBJC_MSGSEND = YES;
				ENABLE_USER_SCRIPT_SANDBOXING = YES;
				GCC_C_LANGUAGE_STANDARD = gnu17;
				GCC_NO_COMMON_BLOCKS = YES;
				GCC_WARN_64_TO_32_BIT_CONVERSION = YES;
				GCC_WARN_ABOUT_RETURN_TYPE = YES_ERROR;
				GCC_WARN_UNDECLARED_SELECTOR = YES;
				GCC_WARN_UNINITIALIZED_AUTOS = YES_AGGRESSIVE;
				GCC_WARN_UNUSED_FUNCTION = YES;
				GCC_WARN_UNUSED_VARIABLE = YES;
				LOCALIZATION_PREFERS_STRING_CATALOGS = YES;
				MTL_ENABLE_DEBUG_INFO = NO;
				MTL_FAST_MATH = YES;
				SDKROOT = xros;
				SWIFT_COMPILATION_MODE = wholemodule;
				VALIDATE_PRODUCT = YES;
				XROS_DEPLOYMENT_TARGET = 1.0;
			};
			name = Release;
		};
		1601FF182B4AA8BC0050457E /* Debug */ = {
			isa = XCBuildConfiguration;
			buildSettings = {
				ASSETCATALOG_COMPILER_APPICON_NAME = AppIcon;
				ASSETCATALOG_COMPILER_GLOBAL_ACCENT_COLOR_NAME = AccentColor;
				CODE_SIGN_ENTITLEMENTS = SpatialReversi/SpatialReversi.entitlements;
				CODE_SIGN_STYLE = Automatic;
				CURRENT_PROJECT_VERSION = 1;
				DEVELOPMENT_ASSET_PATHS = "";
				DEVELOPMENT_TEAM = 6696GEY228;
				ENABLE_PREVIEWS = YES;
				GENERATE_INFOPLIST_FILE = YES;
				INFOPLIST_FILE = "$(TARGET_NAME)/Info.plist";
				INFOPLIST_KEY_LSApplicationCategoryType = "public.app-category.board-games";
				LD_RUNPATH_SEARCH_PATHS = (
					"$(inherited)",
					"@executable_path/Frameworks",
				);
				MARKETING_VERSION = 1.0;
				PRODUCT_BUNDLE_IDENTIFIER = net.aaaakkkkssssttttnnnn.SpatialReversi;
				PRODUCT_NAME = "$(TARGET_NAME)";
				SUPPORTED_PLATFORMS = "xros xrsimulator";
				SWIFT_EMIT_LOC_STRINGS = YES;
				SWIFT_VERSION = 5.0;
				TARGETED_DEVICE_FAMILY = "1,2,7";
			};
			name = Debug;
		};
		1601FF192B4AA8BC0050457E /* Release */ = {
			isa = XCBuildConfiguration;
			buildSettings = {
				ASSETCATALOG_COMPILER_APPICON_NAME = AppIcon;
				ASSETCATALOG_COMPILER_GLOBAL_ACCENT_COLOR_NAME = AccentColor;
				CODE_SIGN_ENTITLEMENTS = SpatialReversi/SpatialReversi.entitlements;
				CODE_SIGN_STYLE = Automatic;
				CURRENT_PROJECT_VERSION = 1;
				DEVELOPMENT_ASSET_PATHS = "";
				DEVELOPMENT_TEAM = 6696GEY228;
				ENABLE_PREVIEWS = YES;
				GENERATE_INFOPLIST_FILE = YES;
				INFOPLIST_FILE = "$(TARGET_NAME)/Info.plist";
				INFOPLIST_KEY_LSApplicationCategoryType = "public.app-category.board-games";
				LD_RUNPATH_SEARCH_PATHS = (
					"$(inherited)",
					"@executable_path/Frameworks",
				);
				MARKETING_VERSION = 1.0;
				PRODUCT_BUNDLE_IDENTIFIER = net.aaaakkkkssssttttnnnn.SpatialReversi;
				PRODUCT_NAME = "$(TARGET_NAME)";
				SUPPORTED_PLATFORMS = "xros xrsimulator";
				SWIFT_EMIT_LOC_STRINGS = YES;
				SWIFT_VERSION = 5.0;
				TARGETED_DEVICE_FAMILY = "1,2,7";
			};
			name = Release;
		};
		16CDEEAC2B4D0FC100664815 /* Debug */ = {
			isa = XCBuildConfiguration;
			buildSettings = {
				ASSETCATALOG_COMPILER_APPICON_NAME = AppIcon;
				ASSETCATALOG_COMPILER_GLOBAL_ACCENT_COLOR_NAME = AccentColor;
				CODE_SIGN_ENTITLEMENTS = SR_iOS_debug/SR_iOS_debug.entitlements;
				CODE_SIGN_STYLE = Automatic;
				CURRENT_PROJECT_VERSION = 1;
				DEVELOPMENT_ASSET_PATHS = "";
				DEVELOPMENT_TEAM = 6696GEY228;
				ENABLE_PREVIEWS = YES;
				GENERATE_INFOPLIST_FILE = YES;
				INFOPLIST_KEY_UIApplicationSceneManifest_Generation = YES;
				INFOPLIST_KEY_UIApplicationSupportsIndirectInputEvents = YES;
				INFOPLIST_KEY_UILaunchScreen_Generation = YES;
				INFOPLIST_KEY_UISupportedInterfaceOrientations_iPad = "UIInterfaceOrientationPortrait UIInterfaceOrientationPortraitUpsideDown UIInterfaceOrientationLandscapeLeft UIInterfaceOrientationLandscapeRight";
				INFOPLIST_KEY_UISupportedInterfaceOrientations_iPhone = "UIInterfaceOrientationPortrait UIInterfaceOrientationLandscapeLeft UIInterfaceOrientationLandscapeRight";
				IPHONEOS_DEPLOYMENT_TARGET = 17.2;
				LD_RUNPATH_SEARCH_PATHS = (
					"$(inherited)",
					"@executable_path/Frameworks",
				);
				MARKETING_VERSION = 1.0;
				PRODUCT_BUNDLE_IDENTIFIER = "net.aaaakkkkssssttttnnnn.SR-iOS-debug";
				PRODUCT_NAME = "$(TARGET_NAME)";
				SDKROOT = iphoneos;
				SWIFT_EMIT_LOC_STRINGS = YES;
				SWIFT_VERSION = 5.0;
				TARGETED_DEVICE_FAMILY = "1,2";
			};
			name = Debug;
		};
		16CDEEAD2B4D0FC100664815 /* Release */ = {
			isa = XCBuildConfiguration;
			buildSettings = {
				ASSETCATALOG_COMPILER_APPICON_NAME = AppIcon;
				ASSETCATALOG_COMPILER_GLOBAL_ACCENT_COLOR_NAME = AccentColor;
				CODE_SIGN_ENTITLEMENTS = SR_iOS_debug/SR_iOS_debug.entitlements;
				CODE_SIGN_STYLE = Automatic;
				CURRENT_PROJECT_VERSION = 1;
				DEVELOPMENT_ASSET_PATHS = "";
				DEVELOPMENT_TEAM = 6696GEY228;
				ENABLE_PREVIEWS = YES;
				GENERATE_INFOPLIST_FILE = YES;
				INFOPLIST_KEY_UIApplicationSceneManifest_Generation = YES;
				INFOPLIST_KEY_UIApplicationSupportsIndirectInputEvents = YES;
				INFOPLIST_KEY_UILaunchScreen_Generation = YES;
				INFOPLIST_KEY_UISupportedInterfaceOrientations_iPad = "UIInterfaceOrientationPortrait UIInterfaceOrientationPortraitUpsideDown UIInterfaceOrientationLandscapeLeft UIInterfaceOrientationLandscapeRight";
				INFOPLIST_KEY_UISupportedInterfaceOrientations_iPhone = "UIInterfaceOrientationPortrait UIInterfaceOrientationLandscapeLeft UIInterfaceOrientationLandscapeRight";
				IPHONEOS_DEPLOYMENT_TARGET = 17.2;
				LD_RUNPATH_SEARCH_PATHS = (
					"$(inherited)",
					"@executable_path/Frameworks",
				);
				MARKETING_VERSION = 1.0;
				PRODUCT_BUNDLE_IDENTIFIER = "net.aaaakkkkssssttttnnnn.SR-iOS-debug";
				PRODUCT_NAME = "$(TARGET_NAME)";
				SDKROOT = iphoneos;
				SWIFT_EMIT_LOC_STRINGS = YES;
				SWIFT_VERSION = 5.0;
				TARGETED_DEVICE_FAMILY = "1,2";
			};
			name = Release;
		};
/* End XCBuildConfiguration section */

/* Begin XCConfigurationList section */
		1601FEFF2B4AA8BA0050457E /* Build configuration list for PBXProject "SpatialReversi" */ = {
			isa = XCConfigurationList;
			buildConfigurations = (
				1601FF152B4AA8BC0050457E /* Debug */,
				1601FF162B4AA8BC0050457E /* Release */,
			);
			defaultConfigurationIsVisible = 0;
			defaultConfigurationName = Release;
		};
		1601FF172B4AA8BC0050457E /* Build configuration list for PBXNativeTarget "SpatialReversi" */ = {
			isa = XCConfigurationList;
			buildConfigurations = (
				1601FF182B4AA8BC0050457E /* Debug */,
				1601FF192B4AA8BC0050457E /* Release */,
			);
			defaultConfigurationIsVisible = 0;
			defaultConfigurationName = Release;
		};
		16CDEEAB2B4D0FC100664815 /* Build configuration list for PBXNativeTarget "SR_iOS_debug" */ = {
			isa = XCConfigurationList;
			buildConfigurations = (
				16CDEEAC2B4D0FC100664815 /* Debug */,
				16CDEEAD2B4D0FC100664815 /* Release */,
			);
			defaultConfigurationIsVisible = 0;
			defaultConfigurationName = Release;
		};
/* End XCConfigurationList section */

/* Begin XCSwiftPackageProductDependency section */
		1601FF092B4AA8BA0050457E /* RealityKitContent */ = {
			isa = XCSwiftPackageProductDependency;
			productName = RealityKitContent;
		};
/* End XCSwiftPackageProductDependency section */
	};
	rootObject = 1601FEFC2B4AA8BA0050457E /* Project object */;
}
